PODS:
  - Alamofire (4.5.1)
  - Crashlytics (3.10.1):
    - Fabric (~> 1.7.5)
  - Fabric (1.7.5)
  - Locksmith (4.0.0)
  - ReSwift (4.0.0)
  - SDWebImage (3.8.2):
    - SDWebImage/Core (= 3.8.2)
  - SDWebImage/Core (3.8.2)
  - Spotify-iOS-SDK (0.25.0):
    - Spotify-iOS-SDK/Authentication (= 0.25.0)
    - Spotify-iOS-SDK/Metadata (= 0.25.0)
    - Spotify-iOS-SDK/Playback (= 0.25.0)
  - Spotify-iOS-SDK/Authentication (0.25.0)
  - Spotify-iOS-SDK/Metadata (0.25.0)
  - Spotify-iOS-SDK/Playback (0.25.0)
  - SVProgressHUD (2.2.2)
  - SwiftyJSON (3.1.4)

DEPENDENCIES:
  - Alamofire (~> 4.5)
  - Crashlytics
  - Fabric
  - Locksmith
  - ReSwift
  - SDWebImage (~> 3.8)
  - Spotify-iOS-SDK (= 0.25)
  - SVProgressHUD
  - SwiftyJSON

SPEC CHECKSUMS:
  Alamofire: 2d95912bf4c34f164fdfc335872e8c312acaea4a
  Crashlytics: aee1a064cbbf99b32efa3f056a5f458d846bc8ff
  Fabric: ae7146a5f505ea370a1e44820b4b1dc8890e2890
  Locksmith: e9bebbaaa4cee3c511bc358a44f843c3fe00e21f
  ReSwift: f058ef13b46ae5f463f10605ccbbb7fb04424d8d
  SDWebImage: 098e97e6176540799c27e804c96653ee0833d13c
  Spotify-iOS-SDK: 58d4092b225578623dd17029f3c7e7042ac3ef6e
  SVProgressHUD: 59b2d3dabacbd051576d21d32293ca7228dc18b0
  SwiftyJSON: c2842d878f95482ffceec5709abc3d05680c0220

PODFILE CHECKSUM: 72c9e98fd1f927dbe523ae3c378e76396a77ccc1

COCOAPODS: 1.3.1
