// !$*UTF8*$!
{
	archiveVersion = 1;
	classes = {
	};
	objectVersion = 48;
	objects = {

/* Begin PBXBuildFile section */
		AC0148761F9D700200F9A732 /* SpotifyAuthActions.swift in Sources */ = {isa = PBXBuildFile; fileRef = AC0148751F9D700200F9A732 /* SpotifyAuthActions.swift */; };
		AC0148791F9D80C100F9A732 /* UIViewControllerExtensions.swift in Sources */ = {isa = PBXBuildFile; fileRef = AC0148781F9D80C100F9A732 /* UIViewControllerExtensions.swift */; };
		AC01487B1F9D855D00F9A732 /* APIQueryParamsFormatter.swift in Sources */ = {isa = PBXBuildFile; fileRef = AC01487A1F9D855D00F9A732 /* APIQueryParamsFormatter.swift */; };
		AC01487F1F9D907D00F9A732 /* URLExtensions.swift in Sources */ = {isa = PBXBuildFile; fileRef = AC01487E1F9D907D00F9A732 /* URLExtensions.swift */; };
		AC02D0C91F9CF5B3009ED193 /* AppDelegate.swift in Sources */ = {isa = PBXBuildFile; fileRef = AC02D0C81F9CF5B3009ED193 /* AppDelegate.swift */; };
		AC02D0D01F9CF5B3009ED193 /* Assets.xcassets in Resources */ = {isa = PBXBuildFile; fileRef = AC02D0CF1F9CF5B3009ED193 /* Assets.xcassets */; };
		AC02D0D31F9CF5B3009ED193 /* LaunchScreen.storyboard in Resources */ = {isa = PBXBuildFile; fileRef = AC02D0D11F9CF5B3009ED193 /* LaunchScreen.storyboard */; };
		AC02D0DC1F9CF73B009ED193 /* APIRequest.swift in Sources */ = {isa = PBXBuildFile; fileRef = AC02D0DB1F9CF73B009ED193 /* APIRequest.swift */; };
		AC02D0DF1F9CF7EF009ED193 /* AppConstants.swift in Sources */ = {isa = PBXBuildFile; fileRef = AC02D0DE1F9CF7EF009ED193 /* AppConstants.swift */; };
		AC16D7401FA02CA300CAAD13 /* TabBarController.xib in Resources */ = {isa = PBXBuildFile; fileRef = AC16D73F1FA02CA300CAAD13 /* TabBarController.xib */; };
		AC16D7421FA02D3500CAAD13 /* TabBarController.swift in Sources */ = {isa = PBXBuildFile; fileRef = AC16D7411FA02D3500CAAD13 /* TabBarController.swift */; };
		AC16D7441FA02DD900CAAD13 /* LibraryViewController.swift in Sources */ = {isa = PBXBuildFile; fileRef = AC16D7431FA02DD900CAAD13 /* LibraryViewController.swift */; };
		AC16D7461FA02E1700CAAD13 /* LibraryViewController.xib in Resources */ = {isa = PBXBuildFile; fileRef = AC16D7451FA02E1700CAAD13 /* LibraryViewController.xib */; };
		AC8AB6AB1FA95F1600251F85 /* MyLibraryReducer.swift in Sources */ = {isa = PBXBuildFile; fileRef = AC8AB6AA1FA95F1600251F85 /* MyLibraryReducer.swift */; };
		AC8AB6AD1FA95FBF00251F85 /* MyLibraryActions.swift in Sources */ = {isa = PBXBuildFile; fileRef = AC8AB6AC1FA95FBF00251F85 /* MyLibraryActions.swift */; };
		AC8AB6AF1FA9641B00251F85 /* SpotifyResponseParser.swift in Sources */ = {isa = PBXBuildFile; fileRef = AC8AB6AE1FA9641B00251F85 /* SpotifyResponseParser.swift */; };
		AC8AB6B21FA964B300251F85 /* TrackFactory.swift in Sources */ = {isa = PBXBuildFile; fileRef = AC8AB6B11FA964B300251F85 /* TrackFactory.swift */; };
		AC8AB6B41FA967ED00251F85 /* ArtistFactory.swift in Sources */ = {isa = PBXBuildFile; fileRef = AC8AB6B31FA967ED00251F85 /* ArtistFactory.swift */; };
		AC8AB6B61FA968D500251F85 /* AlbumFactory.swift in Sources */ = {isa = PBXBuildFile; fileRef = AC8AB6B51FA968D500251F85 /* AlbumFactory.swift */; };
		AC8AB6B81FA969C000251F85 /* ImageFactory.swift in Sources */ = {isa = PBXBuildFile; fileRef = AC8AB6B71FA969C000251F85 /* ImageFactory.swift */; };
		ACA09EA51F9D556800220E8B /* APIMiddleware.swift in Sources */ = {isa = PBXBuildFile; fileRef = ACA09EA41F9D556800220E8B /* APIMiddleware.swift */; };
		ACBDF1331F9CFC23001760D7 /* Artist.swift in Sources */ = {isa = PBXBuildFile; fileRef = ACBDF1321F9CFC23001760D7 /* Artist.swift */; };
		ACBDF1351F9CFDF7001760D7 /* Image.swift in Sources */ = {isa = PBXBuildFile; fileRef = ACBDF1341F9CFDF7001760D7 /* Image.swift */; };
		ACBDF1371F9CFE48001760D7 /* Track.swift in Sources */ = {isa = PBXBuildFile; fileRef = ACBDF1361F9CFE48001760D7 /* Track.swift */; };
		ACBDF1391F9CFE5B001760D7 /* Album.swift in Sources */ = {isa = PBXBuildFile; fileRef = ACBDF1381F9CFE5B001760D7 /* Album.swift */; };
		ACBDF1401F9D172E001760D7 /* ConfigureStore.swift in Sources */ = {isa = PBXBuildFile; fileRef = ACBDF13F1F9D172E001760D7 /* ConfigureStore.swift */; };
		ACBDF1431F9D3749001760D7 /* AppReducer.swift in Sources */ = {isa = PBXBuildFile; fileRef = ACBDF1421F9D3749001760D7 /* AppReducer.swift */; };
		ACBDF1451F9D38B4001760D7 /* SpotifyAuthReducer.swift in Sources */ = {isa = PBXBuildFile; fileRef = ACBDF1441F9D38B4001760D7 /* SpotifyAuthReducer.swift */; };
		ACBDF14D1F9D541E001760D7 /* LoggingMiddlware.swift in Sources */ = {isa = PBXBuildFile; fileRef = ACBDF14C1F9D541E001760D7 /* LoggingMiddlware.swift */; };
		C123A7C91CFEAE164A8E1B27 /* Pods_Playlistable.framework in Frameworks */ = {isa = PBXBuildFile; fileRef = 15F2B3C9304F9A14993083D1 /* Pods_Playlistable.framework */; };
/* End PBXBuildFile section */

/* Begin PBXFileReference section */
		15F2B3C9304F9A14993083D1 /* Pods_Playlistable.framework */ = {isa = PBXFileReference; explicitFileType = wrapper.framework; includeInIndex = 0; path = Pods_Playlistable.framework; sourceTree = BUILT_PRODUCTS_DIR; };
		34FD0E942F0AF4C649DE5319 /* Pods-Playlistable.release.xcconfig */ = {isa = PBXFileReference; includeInIndex = 1; lastKnownFileType = text.xcconfig; name = "Pods-Playlistable.release.xcconfig"; path = "Pods/Target Support Files/Pods-Playlistable/Pods-Playlistable.release.xcconfig"; sourceTree = "<group>"; };
		AC0148751F9D700200F9A732 /* SpotifyAuthActions.swift */ = {isa = PBXFileReference; lastKnownFileType = sourcecode.swift; path = SpotifyAuthActions.swift; sourceTree = "<group>"; };
		AC0148781F9D80C100F9A732 /* UIViewControllerExtensions.swift */ = {isa = PBXFileReference; lastKnownFileType = sourcecode.swift; path = UIViewControllerExtensions.swift; sourceTree = "<group>"; };
		AC01487A1F9D855D00F9A732 /* APIQueryParamsFormatter.swift */ = {isa = PBXFileReference; lastKnownFileType = sourcecode.swift; path = APIQueryParamsFormatter.swift; sourceTree = "<group>"; };
		AC01487E1F9D907D00F9A732 /* URLExtensions.swift */ = {isa = PBXFileReference; lastKnownFileType = sourcecode.swift; path = URLExtensions.swift; sourceTree = "<group>"; };
		AC02D0C51F9CF5B3009ED193 /* Playlistable.app */ = {isa = PBXFileReference; explicitFileType = wrapper.application; includeInIndex = 0; path = Playlistable.app; sourceTree = BUILT_PRODUCTS_DIR; };
		AC02D0C81F9CF5B3009ED193 /* AppDelegate.swift */ = {isa = PBXFileReference; lastKnownFileType = sourcecode.swift; path = AppDelegate.swift; sourceTree = "<group>"; };
		AC02D0CF1F9CF5B3009ED193 /* Assets.xcassets */ = {isa = PBXFileReference; lastKnownFileType = folder.assetcatalog; path = Assets.xcassets; sourceTree = "<group>"; };
		AC02D0D21F9CF5B3009ED193 /* Base */ = {isa = PBXFileReference; lastKnownFileType = file.storyboard; name = Base; path = Base.lproj/LaunchScreen.storyboard; sourceTree = "<group>"; };
		AC02D0D41F9CF5B3009ED193 /* Info.plist */ = {isa = PBXFileReference; lastKnownFileType = text.plist.xml; path = Info.plist; sourceTree = "<group>"; };
		AC02D0DB1F9CF73B009ED193 /* APIRequest.swift */ = {isa = PBXFileReference; lastKnownFileType = sourcecode.swift; path = APIRequest.swift; sourceTree = "<group>"; };
		AC02D0DE1F9CF7EF009ED193 /* AppConstants.swift */ = {isa = PBXFileReference; lastKnownFileType = sourcecode.swift; path = AppConstants.swift; sourceTree = "<group>"; };
		AC16D73F1FA02CA300CAAD13 /* TabBarController.xib */ = {isa = PBXFileReference; lastKnownFileType = file.xib; path = TabBarController.xib; sourceTree = "<group>"; };
		AC16D7411FA02D3500CAAD13 /* TabBarController.swift */ = {isa = PBXFileReference; lastKnownFileType = sourcecode.swift; path = TabBarController.swift; sourceTree = "<group>"; };
		AC16D7431FA02DD900CAAD13 /* LibraryViewController.swift */ = {isa = PBXFileReference; lastKnownFileType = sourcecode.swift; path = LibraryViewController.swift; sourceTree = "<group>"; };
		AC16D7451FA02E1700CAAD13 /* LibraryViewController.xib */ = {isa = PBXFileReference; lastKnownFileType = file.xib; path = LibraryViewController.xib; sourceTree = "<group>"; };
		AC8AB6AA1FA95F1600251F85 /* MyLibraryReducer.swift */ = {isa = PBXFileReference; lastKnownFileType = sourcecode.swift; path = MyLibraryReducer.swift; sourceTree = "<group>"; };
		AC8AB6AC1FA95FBF00251F85 /* MyLibraryActions.swift */ = {isa = PBXFileReference; lastKnownFileType = sourcecode.swift; path = MyLibraryActions.swift; sourceTree = "<group>"; };
		AC8AB6AE1FA9641B00251F85 /* SpotifyResponseParser.swift */ = {isa = PBXFileReference; lastKnownFileType = sourcecode.swift; path = SpotifyResponseParser.swift; sourceTree = "<group>"; };
		AC8AB6B11FA964B300251F85 /* TrackFactory.swift */ = {isa = PBXFileReference; lastKnownFileType = sourcecode.swift; path = TrackFactory.swift; sourceTree = "<group>"; };
		AC8AB6B31FA967ED00251F85 /* ArtistFactory.swift */ = {isa = PBXFileReference; lastKnownFileType = sourcecode.swift; path = ArtistFactory.swift; sourceTree = "<group>"; };
		AC8AB6B51FA968D500251F85 /* AlbumFactory.swift */ = {isa = PBXFileReference; lastKnownFileType = sourcecode.swift; path = AlbumFactory.swift; sourceTree = "<group>"; };
		AC8AB6B71FA969C000251F85 /* ImageFactory.swift */ = {isa = PBXFileReference; lastKnownFileType = sourcecode.swift; path = ImageFactory.swift; sourceTree = "<group>"; };
		ACA09EA41F9D556800220E8B /* APIMiddleware.swift */ = {isa = PBXFileReference; lastKnownFileType = sourcecode.swift; path = APIMiddleware.swift; sourceTree = "<group>"; };
		ACBDF1321F9CFC23001760D7 /* Artist.swift */ = {isa = PBXFileReference; lastKnownFileType = sourcecode.swift; path = Artist.swift; sourceTree = "<group>"; };
		ACBDF1341F9CFDF7001760D7 /* Image.swift */ = {isa = PBXFileReference; lastKnownFileType = sourcecode.swift; path = Image.swift; sourceTree = "<group>"; };
		ACBDF1361F9CFE48001760D7 /* Track.swift */ = {isa = PBXFileReference; lastKnownFileType = sourcecode.swift; path = Track.swift; sourceTree = "<group>"; };
		ACBDF1381F9CFE5B001760D7 /* Album.swift */ = {isa = PBXFileReference; lastKnownFileType = sourcecode.swift; path = Album.swift; sourceTree = "<group>"; };
		ACBDF13F1F9D172E001760D7 /* ConfigureStore.swift */ = {isa = PBXFileReference; lastKnownFileType = sourcecode.swift; path = ConfigureStore.swift; sourceTree = "<group>"; };
		ACBDF1421F9D3749001760D7 /* AppReducer.swift */ = {isa = PBXFileReference; lastKnownFileType = sourcecode.swift; path = AppReducer.swift; sourceTree = "<group>"; };
		ACBDF1441F9D38B4001760D7 /* SpotifyAuthReducer.swift */ = {isa = PBXFileReference; lastKnownFileType = sourcecode.swift; path = SpotifyAuthReducer.swift; sourceTree = "<group>"; };
		ACBDF14C1F9D541E001760D7 /* LoggingMiddlware.swift */ = {isa = PBXFileReference; lastKnownFileType = sourcecode.swift; path = LoggingMiddlware.swift; sourceTree = "<group>"; };
		F205E7760234089465BFB399 /* Pods-Playlistable.debug.xcconfig */ = {isa = PBXFileReference; includeInIndex = 1; lastKnownFileType = text.xcconfig; name = "Pods-Playlistable.debug.xcconfig"; path = "Pods/Target Support Files/Pods-Playlistable/Pods-Playlistable.debug.xcconfig"; sourceTree = "<group>"; };
/* End PBXFileReference section */

/* Begin PBXFrameworksBuildPhase section */
		AC02D0C21F9CF5B3009ED193 /* Frameworks */ = {
			isa = PBXFrameworksBuildPhase;
			buildActionMask = 2147483647;
			files = (
				C123A7C91CFEAE164A8E1B27 /* Pods_Playlistable.framework in Frameworks */,
			);
			runOnlyForDeploymentPostprocessing = 0;
		};
/* End PBXFrameworksBuildPhase section */

/* Begin PBXGroup section */
		4DABE51C90155E4DE5A9E905 /* Frameworks */ = {
			isa = PBXGroup;
			children = (
				15F2B3C9304F9A14993083D1 /* Pods_Playlistable.framework */,
			);
			name = Frameworks;
			sourceTree = "<group>";
		};
		A783AE7199AC9D14174EC29C /* Pods */ = {
			isa = PBXGroup;
			children = (
				F205E7760234089465BFB399 /* Pods-Playlistable.debug.xcconfig */,
				34FD0E942F0AF4C649DE5319 /* Pods-Playlistable.release.xcconfig */,
			);
			name = Pods;
			sourceTree = "<group>";
		};
		AC0148771F9D80B000F9A732 /* Extensions */ = {
			isa = PBXGroup;
			children = (
				AC0148781F9D80C100F9A732 /* UIViewControllerExtensions.swift */,
				AC01487E1F9D907D00F9A732 /* URLExtensions.swift */,
			);
			path = Extensions;
			sourceTree = "<group>";
		};
		AC02D0BC1F9CF5B3009ED193 = {
			isa = PBXGroup;
			children = (
				AC02D0C71F9CF5B3009ED193 /* Playlistable */,
				AC02D0C61F9CF5B3009ED193 /* Products */,
				A783AE7199AC9D14174EC29C /* Pods */,
				4DABE51C90155E4DE5A9E905 /* Frameworks */,
			);
			sourceTree = "<group>";
		};
		AC02D0C61F9CF5B3009ED193 /* Products */ = {
			isa = PBXGroup;
			children = (
				AC02D0C51F9CF5B3009ED193 /* Playlistable.app */,
			);
			name = Products;
			sourceTree = "<group>";
		};
		AC02D0C71F9CF5B3009ED193 /* Playlistable */ = {
			isa = PBXGroup;
			children = (
				AC8AB6B01FA9649F00251F85 /* Factories */,
				AC6271A11F9EDB9B002B068B /* ViewControllers */,
				AC0148771F9D80B000F9A732 /* Extensions */,
				ACBDF1461F9D4E13001760D7 /* Actions */,
				ACBDF1411F9D3730001760D7 /* Reducers */,
				ACBDF13E1F9D1693001760D7 /* Store */,
				ACBDF1311F9CFC0F001760D7 /* Models */,
				AC02D0DD1F9CF7DE009ED193 /* Constants */,
				AC02D0DA1F9CF6D6009ED193 /* Networking */,
				AC02D0C81F9CF5B3009ED193 /* AppDelegate.swift */,
				AC02D0CF1F9CF5B3009ED193 /* Assets.xcassets */,
				AC02D0D11F9CF5B3009ED193 /* LaunchScreen.storyboard */,
				AC02D0D41F9CF5B3009ED193 /* Info.plist */,
			);
			path = Playlistable;
			sourceTree = "<group>";
		};
		AC02D0DA1F9CF6D6009ED193 /* Networking */ = {
			isa = PBXGroup;
			children = (
				AC02D0DB1F9CF73B009ED193 /* APIRequest.swift */,
				AC01487A1F9D855D00F9A732 /* APIQueryParamsFormatter.swift */,
				AC8AB6AE1FA9641B00251F85 /* SpotifyResponseParser.swift */,
			);
			path = Networking;
			sourceTree = "<group>";
		};
		AC02D0DD1F9CF7DE009ED193 /* Constants */ = {
			isa = PBXGroup;
			children = (
				AC02D0DE1F9CF7EF009ED193 /* AppConstants.swift */,
			);
			path = Constants;
			sourceTree = "<group>";
		};
		AC6271A11F9EDB9B002B068B /* ViewControllers */ = {
			isa = PBXGroup;
			children = (
				AC16D73F1FA02CA300CAAD13 /* TabBarController.xib */,
				AC16D7411FA02D3500CAAD13 /* TabBarController.swift */,
				AC16D7431FA02DD900CAAD13 /* LibraryViewController.swift */,
				AC16D7451FA02E1700CAAD13 /* LibraryViewController.xib */,
			);
			path = ViewControllers;
			sourceTree = "<group>";
		};
		AC8AB6B01FA9649F00251F85 /* Factories */ = {
			isa = PBXGroup;
			children = (
				AC8AB6B11FA964B300251F85 /* TrackFactory.swift */,
				AC8AB6B31FA967ED00251F85 /* ArtistFactory.swift */,
				AC8AB6B51FA968D500251F85 /* AlbumFactory.swift */,
				AC8AB6B71FA969C000251F85 /* ImageFactory.swift */,
			);
			path = Factories;
			sourceTree = "<group>";
		};
		ACBDF1311F9CFC0F001760D7 /* Models */ = {
			isa = PBXGroup;
			children = (
				ACBDF1321F9CFC23001760D7 /* Artist.swift */,
				ACBDF1341F9CFDF7001760D7 /* Image.swift */,
				ACBDF1361F9CFE48001760D7 /* Track.swift */,
				ACBDF1381F9CFE5B001760D7 /* Album.swift */,
			);
			path = Models;
			sourceTree = "<group>";
		};
		ACBDF13E1F9D1693001760D7 /* Store */ = {
			isa = PBXGroup;
			children = (
				ACBDF14B1F9D53F4001760D7 /* Middleware */,
				ACBDF13F1F9D172E001760D7 /* ConfigureStore.swift */,
			);
			path = Store;
			sourceTree = "<group>";
		};
		ACBDF1411F9D3730001760D7 /* Reducers */ = {
			isa = PBXGroup;
			children = (
				ACBDF1421F9D3749001760D7 /* AppReducer.swift */,
				ACBDF1441F9D38B4001760D7 /* SpotifyAuthReducer.swift */,
				AC8AB6AA1FA95F1600251F85 /* MyLibraryReducer.swift */,
			);
			path = Reducers;
			sourceTree = "<group>";
		};
		ACBDF1461F9D4E13001760D7 /* Actions */ = {
			isa = PBXGroup;
			children = (
				AC0148751F9D700200F9A732 /* SpotifyAuthActions.swift */,
				AC8AB6AC1FA95FBF00251F85 /* MyLibraryActions.swift */,
			);
			path = Actions;
			sourceTree = "<group>";
		};
		ACBDF14B1F9D53F4001760D7 /* Middleware */ = {
			isa = PBXGroup;
			children = (
				ACBDF14C1F9D541E001760D7 /* LoggingMiddlware.swift */,
				ACA09EA41F9D556800220E8B /* APIMiddleware.swift */,
			);
			path = Middleware;
			sourceTree = "<group>";
		};
/* End PBXGroup section */

/* Begin PBXNativeTarget section */
		AC02D0C41F9CF5B3009ED193 /* Playlistable */ = {
			isa = PBXNativeTarget;
			buildConfigurationList = AC02D0D71F9CF5B3009ED193 /* Build configuration list for PBXNativeTarget "Playlistable" */;
			buildPhases = (
				14096A0C10E1E71E02FA74E6 /* [CP] Check Pods Manifest.lock */,
				AC02D0C11F9CF5B3009ED193 /* Sources */,
				AC02D0C21F9CF5B3009ED193 /* Frameworks */,
				AC02D0C31F9CF5B3009ED193 /* Resources */,
				EAD9FA501EE079C9B0C0BF76 /* [CP] Embed Pods Frameworks */,
				43E69DF3BF9F28B80BC52E23 /* [CP] Copy Pods Resources */,
			);
			buildRules = (
			);
			dependencies = (
			);
			name = Playlistable;
			productName = Playlistable;
			productReference = AC02D0C51F9CF5B3009ED193 /* Playlistable.app */;
			productType = "com.apple.product-type.application";
		};
/* End PBXNativeTarget section */

/* Begin PBXProject section */
		AC02D0BD1F9CF5B3009ED193 /* Project object */ = {
			isa = PBXProject;
			attributes = {
				LastSwiftUpdateCheck = 0900;
				LastUpgradeCheck = 0900;
				ORGANIZATIONNAME = "Cody Pizzaia";
				TargetAttributes = {
					AC02D0C41F9CF5B3009ED193 = {
						CreatedOnToolsVersion = 9.0;
						ProvisioningStyle = Automatic;
					};
				};
			};
			buildConfigurationList = AC02D0C01F9CF5B3009ED193 /* Build configuration list for PBXProject "Playlistable" */;
			compatibilityVersion = "Xcode 8.0";
			developmentRegion = en;
			hasScannedForEncodings = 0;
			knownRegions = (
				en,
				Base,
			);
			mainGroup = AC02D0BC1F9CF5B3009ED193;
			productRefGroup = AC02D0C61F9CF5B3009ED193 /* Products */;
			projectDirPath = "";
			projectRoot = "";
			targets = (
				AC02D0C41F9CF5B3009ED193 /* Playlistable */,
			);
		};
/* End PBXProject section */

/* Begin PBXResourcesBuildPhase section */
		AC02D0C31F9CF5B3009ED193 /* Resources */ = {
			isa = PBXResourcesBuildPhase;
			buildActionMask = 2147483647;
			files = (
				AC16D7401FA02CA300CAAD13 /* TabBarController.xib in Resources */,
				AC02D0D31F9CF5B3009ED193 /* LaunchScreen.storyboard in Resources */,
				AC16D7461FA02E1700CAAD13 /* LibraryViewController.xib in Resources */,
				AC02D0D01F9CF5B3009ED193 /* Assets.xcassets in Resources */,
			);
			runOnlyForDeploymentPostprocessing = 0;
		};
/* End PBXResourcesBuildPhase section */

/* Begin PBXShellScriptBuildPhase section */
		14096A0C10E1E71E02FA74E6 /* [CP] Check Pods Manifest.lock */ = {
			isa = PBXShellScriptBuildPhase;
			buildActionMask = 2147483647;
			files = (
			);
			inputPaths = (
				"${PODS_PODFILE_DIR_PATH}/Podfile.lock",
				"${PODS_ROOT}/Manifest.lock",
			);
			name = "[CP] Check Pods Manifest.lock";
			outputPaths = (
				"$(DERIVED_FILE_DIR)/Pods-Playlistable-checkManifestLockResult.txt",
			);
			runOnlyForDeploymentPostprocessing = 0;
			shellPath = /bin/sh;
			shellScript = "diff \"${PODS_PODFILE_DIR_PATH}/Podfile.lock\" \"${PODS_ROOT}/Manifest.lock\" > /dev/null\nif [ $? != 0 ] ; then\n    # print error to STDERR\n    echo \"error: The sandbox is not in sync with the Podfile.lock. Run 'pod install' or update your CocoaPods installation.\" >&2\n    exit 1\nfi\n# This output is used by Xcode 'outputs' to avoid re-running this script phase.\necho \"SUCCESS\" > \"${SCRIPT_OUTPUT_FILE_0}\"\n";
			showEnvVarsInLog = 0;
		};
		43E69DF3BF9F28B80BC52E23 /* [CP] Copy Pods Resources */ = {
			isa = PBXShellScriptBuildPhase;
			buildActionMask = 2147483647;
			files = (
			);
			inputPaths = (
			);
			name = "[CP] Copy Pods Resources";
			outputPaths = (
			);
			runOnlyForDeploymentPostprocessing = 0;
			shellPath = /bin/sh;
			shellScript = "\"${SRCROOT}/Pods/Target Support Files/Pods-Playlistable/Pods-Playlistable-resources.sh\"\n";
			showEnvVarsInLog = 0;
		};
		EAD9FA501EE079C9B0C0BF76 /* [CP] Embed Pods Frameworks */ = {
			isa = PBXShellScriptBuildPhase;
			buildActionMask = 2147483647;
			files = (
			);
			inputPaths = (
				"${SRCROOT}/Pods/Target Support Files/Pods-Playlistable/Pods-Playlistable-frameworks.sh",
				"${BUILT_PRODUCTS_DIR}/Alamofire/Alamofire.framework",
				"${BUILT_PRODUCTS_DIR}/ReSwift/ReSwift.framework",
				"${BUILT_PRODUCTS_DIR}/SDWebImage/SDWebImage.framework",
				"${BUILT_PRODUCTS_DIR}/Spotify-iOS-SDK/Spotify.framework",
				"${BUILT_PRODUCTS_DIR}/SwiftyJSON/SwiftyJSON.framework",
			);
			name = "[CP] Embed Pods Frameworks";
			outputPaths = (
				"${TARGET_BUILD_DIR}/${FRAMEWORKS_FOLDER_PATH}/Alamofire.framework",
				"${TARGET_BUILD_DIR}/${FRAMEWORKS_FOLDER_PATH}/ReSwift.framework",
				"${TARGET_BUILD_DIR}/${FRAMEWORKS_FOLDER_PATH}/SDWebImage.framework",
				"${TARGET_BUILD_DIR}/${FRAMEWORKS_FOLDER_PATH}/Spotify.framework",
				"${TARGET_BUILD_DIR}/${FRAMEWORKS_FOLDER_PATH}/SwiftyJSON.framework",
			);
			runOnlyForDeploymentPostprocessing = 0;
			shellPath = /bin/sh;
			shellScript = "\"${SRCROOT}/Pods/Target Support Files/Pods-Playlistable/Pods-Playlistable-frameworks.sh\"\n";
			showEnvVarsInLog = 0;
		};
/* End PBXShellScriptBuildPhase section */

/* Begin PBXSourcesBuildPhase section */
		AC02D0C11F9CF5B3009ED193 /* Sources */ = {
			isa = PBXSourcesBuildPhase;
			buildActionMask = 2147483647;
			files = (
				AC01487B1F9D855D00F9A732 /* APIQueryParamsFormatter.swift in Sources */,
				ACBDF1351F9CFDF7001760D7 /* Image.swift in Sources */,
				AC16D7421FA02D3500CAAD13 /* TabBarController.swift in Sources */,
				AC0148791F9D80C100F9A732 /* UIViewControllerExtensions.swift in Sources */,
				AC8AB6B21FA964B300251F85 /* TrackFactory.swift in Sources */,
				AC02D0DC1F9CF73B009ED193 /* APIRequest.swift in Sources */,
				AC0148761F9D700200F9A732 /* SpotifyAuthActions.swift in Sources */,
				AC02D0C91F9CF5B3009ED193 /* AppDelegate.swift in Sources */,
				AC8AB6AF1FA9641B00251F85 /* SpotifyResponseParser.swift in Sources */,
				ACA09EA51F9D556800220E8B /* APIMiddleware.swift in Sources */,
				ACBDF1401F9D172E001760D7 /* ConfigureStore.swift in Sources */,
				ACBDF1451F9D38B4001760D7 /* SpotifyAuthReducer.swift in Sources */,
				ACBDF14D1F9D541E001760D7 /* LoggingMiddlware.swift in Sources */,
				AC8AB6AB1FA95F1600251F85 /* MyLibraryReducer.swift in Sources */,
				AC8AB6B61FA968D500251F85 /* AlbumFactory.swift in Sources */,
				AC8AB6B81FA969C000251F85 /* ImageFactory.swift in Sources */,
				AC8AB6B41FA967ED00251F85 /* ArtistFactory.swift in Sources */,
				AC01487F1F9D907D00F9A732 /* URLExtensions.swift in Sources */,
				AC8AB6AD1FA95FBF00251F85 /* MyLibraryActions.swift in Sources */,
				ACBDF1331F9CFC23001760D7 /* Artist.swift in Sources */,
				AC02D0DF1F9CF7EF009ED193 /* AppConstants.swift in Sources */,
				ACBDF1371F9CFE48001760D7 /* Track.swift in Sources */,
				ACBDF1431F9D3749001760D7 /* AppReducer.swift in Sources */,
				AC16D7441FA02DD900CAAD13 /* LibraryViewController.swift in Sources */,
				ACBDF1391F9CFE5B001760D7 /* Album.swift in Sources */,
			);
			runOnlyForDeploymentPostprocessing = 0;
		};
/* End PBXSourcesBuildPhase section */

/* Begin PBXVariantGroup section */
		AC02D0D11F9CF5B3009ED193 /* LaunchScreen.storyboard */ = {
			isa = PBXVariantGroup;
			children = (
				AC02D0D21F9CF5B3009ED193 /* Base */,
			);
			name = LaunchScreen.storyboard;
			sourceTree = "<group>";
		};
/* End PBXVariantGroup section */

/* Begin XCBuildConfiguration section */
		AC02D0D51F9CF5B3009ED193 /* Debug */ = {
			isa = XCBuildConfiguration;
			buildSettings = {
				ALWAYS_SEARCH_USER_PATHS = NO;
				CLANG_ANALYZER_NONNULL = YES;
				CLANG_ANALYZER_NUMBER_OBJECT_CONVERSION = YES_AGGRESSIVE;
				CLANG_CXX_LANGUAGE_STANDARD = "gnu++14";
				CLANG_CXX_LIBRARY = "libc++";
				CLANG_ENABLE_MODULES = YES;
				CLANG_ENABLE_OBJC_ARC = YES;
				CLANG_WARN_BLOCK_CAPTURE_AUTORELEASING = YES;
				CLANG_WARN_BOOL_CONVERSION = YES;
				CLANG_WARN_COMMA = YES;
				CLANG_WARN_CONSTANT_CONVERSION = YES;
				CLANG_WARN_DIRECT_OBJC_ISA_USAGE = YES_ERROR;
				CLANG_WARN_DOCUMENTATION_COMMENTS = YES;
				CLANG_WARN_EMPTY_BODY = YES;
				CLANG_WARN_ENUM_CONVERSION = YES;
				CLANG_WARN_INFINITE_RECURSION = YES;
				CLANG_WARN_INT_CONVERSION = YES;
				CLANG_WARN_NON_LITERAL_NULL_CONVERSION = YES;
				CLANG_WARN_OBJC_LITERAL_CONVERSION = YES;
				CLANG_WARN_OBJC_ROOT_CLASS = YES_ERROR;
				CLANG_WARN_RANGE_LOOP_ANALYSIS = YES;
				CLANG_WARN_STRICT_PROTOTYPES = YES;
				CLANG_WARN_SUSPICIOUS_MOVE = YES;
				CLANG_WARN_UNGUARDED_AVAILABILITY = YES_AGGRESSIVE;
				CLANG_WARN_UNREACHABLE_CODE = YES;
				CLANG_WARN__DUPLICATE_METHOD_MATCH = YES;
				CODE_SIGN_IDENTITY = "iPhone Developer";
				COPY_PHASE_STRIP = NO;
				DEBUG_INFORMATION_FORMAT = dwarf;
				ENABLE_STRICT_OBJC_MSGSEND = YES;
				ENABLE_TESTABILITY = YES;
				GCC_C_LANGUAGE_STANDARD = gnu11;
				GCC_DYNAMIC_NO_PIC = NO;
				GCC_NO_COMMON_BLOCKS = YES;
				GCC_OPTIMIZATION_LEVEL = 0;
				GCC_PREPROCESSOR_DEFINITIONS = (
					"DEBUG=1",
					"$(inherited)",
				);
				GCC_WARN_64_TO_32_BIT_CONVERSION = YES;
				GCC_WARN_ABOUT_RETURN_TYPE = YES_ERROR;
				GCC_WARN_UNDECLARED_SELECTOR = YES;
				GCC_WARN_UNINITIALIZED_AUTOS = YES_AGGRESSIVE;
				GCC_WARN_UNUSED_FUNCTION = YES;
				GCC_WARN_UNUSED_VARIABLE = YES;
				IPHONEOS_DEPLOYMENT_TARGET = 11.0;
				MTL_ENABLE_DEBUG_INFO = YES;
				ONLY_ACTIVE_ARCH = YES;
				SDKROOT = iphoneos;
				SWIFT_ACTIVE_COMPILATION_CONDITIONS = DEBUG;
				SWIFT_OPTIMIZATION_LEVEL = "-Onone";
			};
			name = Debug;
		};
		AC02D0D61F9CF5B3009ED193 /* Release */ = {
			isa = XCBuildConfiguration;
			buildSettings = {
				ALWAYS_SEARCH_USER_PATHS = NO;
				CLANG_ANALYZER_NONNULL = YES;
				CLANG_ANALYZER_NUMBER_OBJECT_CONVERSION = YES_AGGRESSIVE;
				CLANG_CXX_LANGUAGE_STANDARD = "gnu++14";
				CLANG_CXX_LIBRARY = "libc++";
				CLANG_ENABLE_MODULES = YES;
				CLANG_ENABLE_OBJC_ARC = YES;
				CLANG_WARN_BLOCK_CAPTURE_AUTORELEASING = YES;
				CLANG_WARN_BOOL_CONVERSION = YES;
				CLANG_WARN_COMMA = YES;
				CLANG_WARN_CONSTANT_CONVERSION = YES;
				CLANG_WARN_DIRECT_OBJC_ISA_USAGE = YES_ERROR;
				CLANG_WARN_DOCUMENTATION_COMMENTS = YES;
				CLANG_WARN_EMPTY_BODY = YES;
				CLANG_WARN_ENUM_CONVERSION = YES;
				CLANG_WARN_INFINITE_RECURSION = YES;
				CLANG_WARN_INT_CONVERSION = YES;
				CLANG_WARN_NON_LITERAL_NULL_CONVERSION = YES;
				CLANG_WARN_OBJC_LITERAL_CONVERSION = YES;
				CLANG_WARN_OBJC_ROOT_CLASS = YES_ERROR;
				CLANG_WARN_RANGE_LOOP_ANALYSIS = YES;
				CLANG_WARN_STRICT_PROTOTYPES = YES;
				CLANG_WARN_SUSPICIOUS_MOVE = YES;
				CLANG_WARN_UNGUARDED_AVAILABILITY = YES_AGGRESSIVE;
				CLANG_WARN_UNREACHABLE_CODE = YES;
				CLANG_WARN__DUPLICATE_METHOD_MATCH = YES;
				CODE_SIGN_IDENTITY = "iPhone Developer";
				COPY_PHASE_STRIP = NO;
				DEBUG_INFORMATION_FORMAT = "dwarf-with-dsym";
				ENABLE_NS_ASSERTIONS = NO;
				ENABLE_STRICT_OBJC_MSGSEND = YES;
				GCC_C_LANGUAGE_STANDARD = gnu11;
				GCC_NO_COMMON_BLOCKS = YES;
				GCC_WARN_64_TO_32_BIT_CONVERSION = YES;
				GCC_WARN_ABOUT_RETURN_TYPE = YES_ERROR;
				GCC_WARN_UNDECLARED_SELECTOR = YES;
				GCC_WARN_UNINITIALIZED_AUTOS = YES_AGGRESSIVE;
				GCC_WARN_UNUSED_FUNCTION = YES;
				GCC_WARN_UNUSED_VARIABLE = YES;
				IPHONEOS_DEPLOYMENT_TARGET = 11.0;
				MTL_ENABLE_DEBUG_INFO = NO;
				SDKROOT = iphoneos;
				SWIFT_OPTIMIZATION_LEVEL = "-Owholemodule";
				VALIDATE_PRODUCT = YES;
			};
			name = Release;
		};
		AC02D0D81F9CF5B3009ED193 /* Debug */ = {
			isa = XCBuildConfiguration;
			baseConfigurationReference = F205E7760234089465BFB399 /* Pods-Playlistable.debug.xcconfig */;
			buildSettings = {
				ASSETCATALOG_COMPILER_APPICON_NAME = AppIcon;
				CODE_SIGN_STYLE = Automatic;
				DEVELOPMENT_TEAM = W6Y8FXYPMN;
				INFOPLIST_FILE = Playlistable/Info.plist;
				LD_RUNPATH_SEARCH_PATHS = "$(inherited) @executable_path/Frameworks";
				PRODUCT_BUNDLE_IDENTIFIER = CP.Playlistable;
				PRODUCT_NAME = "$(TARGET_NAME)";
				SWIFT_VERSION = 4.0;
				TARGETED_DEVICE_FAMILY = "1,2";
			};
			name = Debug;
		};
		AC02D0D91F9CF5B3009ED193 /* Release */ = {
			isa = XCBuildConfiguration;
			baseConfigurationReference = 34FD0E942F0AF4C649DE5319 /* Pods-Playlistable.release.xcconfig */;
			buildSettings = {
				ASSETCATALOG_COMPILER_APPICON_NAME = AppIcon;
				CODE_SIGN_STYLE = Automatic;
				DEVELOPMENT_TEAM = W6Y8FXYPMN;
				INFOPLIST_FILE = Playlistable/Info.plist;
				LD_RUNPATH_SEARCH_PATHS = "$(inherited) @executable_path/Frameworks";
				PRODUCT_BUNDLE_IDENTIFIER = CP.Playlistable;
				PRODUCT_NAME = "$(TARGET_NAME)";
				SWIFT_VERSION = 4.0;
				TARGETED_DEVICE_FAMILY = "1,2";
			};
			name = Release;
		};
/* End XCBuildConfiguration section */

/* Begin XCConfigurationList section */
		AC02D0C01F9CF5B3009ED193 /* Build configuration list for PBXProject "Playlistable" */ = {
			isa = XCConfigurationList;
			buildConfigurations = (
				AC02D0D51F9CF5B3009ED193 /* Debug */,
				AC02D0D61F9CF5B3009ED193 /* Release */,
			);
			defaultConfigurationIsVisible = 0;
			defaultConfigurationName = Release;
		};
		AC02D0D71F9CF5B3009ED193 /* Build configuration list for PBXNativeTarget "Playlistable" */ = {
			isa = XCConfigurationList;
			buildConfigurations = (
				AC02D0D81F9CF5B3009ED193 /* Debug */,
				AC02D0D91F9CF5B3009ED193 /* Release */,
			);
			defaultConfigurationIsVisible = 0;
			defaultConfigurationName = Release;
		};
/* End XCConfigurationList section */
	};
	rootObject = AC02D0BD1F9CF5B3009ED193 /* Project object */;
}
