// !$*UTF8*$!
{
	archiveVersion = 1;
	classes = {
	};
	objectVersion = 48;
	objects = {

/* Begin PBXBuildFile section */
		AC02D0C91F9CF5B3009ED193 /* AppDelegate.swift in Sources */ = {isa = PBXBuildFile; fileRef = AC02D0C81F9CF5B3009ED193 /* AppDelegate.swift */; };
		AC02D0CB1F9CF5B3009ED193 /* ViewController.swift in Sources */ = {isa = PBXBuildFile; fileRef = AC02D0CA1F9CF5B3009ED193 /* ViewController.swift */; };
		AC02D0CE1F9CF5B3009ED193 /* Main.storyboard in Resources */ = {isa = PBXBuildFile; fileRef = AC02D0CC1F9CF5B3009ED193 /* Main.storyboard */; };
		AC02D0D01F9CF5B3009ED193 /* Assets.xcassets in Resources */ = {isa = PBXBuildFile; fileRef = AC02D0CF1F9CF5B3009ED193 /* Assets.xcassets */; };
		AC02D0D31F9CF5B3009ED193 /* LaunchScreen.storyboard in Resources */ = {isa = PBXBuildFile; fileRef = AC02D0D11F9CF5B3009ED193 /* LaunchScreen.storyboard */; };
		AC02D0DC1F9CF73B009ED193 /* APIRequest.swift in Sources */ = {isa = PBXBuildFile; fileRef = AC02D0DB1F9CF73B009ED193 /* APIRequest.swift */; };
		AC02D0DF1F9CF7EF009ED193 /* AppConstants.swift in Sources */ = {isa = PBXBuildFile; fileRef = AC02D0DE1F9CF7EF009ED193 /* AppConstants.swift */; };
		C123A7C91CFEAE164A8E1B27 /* Pods_Playlistable.framework in Frameworks */ = {isa = PBXBuildFile; fileRef = 15F2B3C9304F9A14993083D1 /* Pods_Playlistable.framework */; };
/* End PBXBuildFile section */

/* Begin PBXFileReference section */
		15F2B3C9304F9A14993083D1 /* Pods_Playlistable.framework */ = {isa = PBXFileReference; explicitFileType = wrapper.framework; includeInIndex = 0; path = Pods_Playlistable.framework; sourceTree = BUILT_PRODUCTS_DIR; };
		34FD0E942F0AF4C649DE5319 /* Pods-Playlistable.release.xcconfig */ = {isa = PBXFileReference; includeInIndex = 1; lastKnownFileType = text.xcconfig; name = "Pods-Playlistable.release.xcconfig"; path = "Pods/Target Support Files/Pods-Playlistable/Pods-Playlistable.release.xcconfig"; sourceTree = "<group>"; };
		AC02D0C51F9CF5B3009ED193 /* Playlistable.app */ = {isa = PBXFileReference; explicitFileType = wrapper.application; includeInIndex = 0; path = Playlistable.app; sourceTree = BUILT_PRODUCTS_DIR; };
		AC02D0C81F9CF5B3009ED193 /* AppDelegate.swift */ = {isa = PBXFileReference; lastKnownFileType = sourcecode.swift; path = AppDelegate.swift; sourceTree = "<group>"; };
		AC02D0CA1F9CF5B3009ED193 /* ViewController.swift */ = {isa = PBXFileReference; lastKnownFileType = sourcecode.swift; path = ViewController.swift; sourceTree = "<group>"; };
		AC02D0CD1F9CF5B3009ED193 /* Base */ = {isa = PBXFileReference; lastKnownFileType = file.storyboard; name = Base; path = Base.lproj/Main.storyboard; sourceTree = "<group>"; };
		AC02D0CF1F9CF5B3009ED193 /* Assets.xcassets */ = {isa = PBXFileReference; lastKnownFileType = folder.assetcatalog; path = Assets.xcassets; sourceTree = "<group>"; };
		AC02D0D21F9CF5B3009ED193 /* Base */ = {isa = PBXFileReference; lastKnownFileType = file.storyboard; name = Base; path = Base.lproj/LaunchScreen.storyboard; sourceTree = "<group>"; };
		AC02D0D41F9CF5B3009ED193 /* Info.plist */ = {isa = PBXFileReference; lastKnownFileType = text.plist.xml; path = Info.plist; sourceTree = "<group>"; };
		AC02D0DB1F9CF73B009ED193 /* APIRequest.swift */ = {isa = PBXFileReference; lastKnownFileType = sourcecode.swift; path = APIRequest.swift; sourceTree = "<group>"; };
		AC02D0DE1F9CF7EF009ED193 /* AppConstants.swift */ = {isa = PBXFileReference; lastKnownFileType = sourcecode.swift; path = AppConstants.swift; sourceTree = "<group>"; };
		F205E7760234089465BFB399 /* Pods-Playlistable.debug.xcconfig */ = {isa = PBXFileReference; includeInIndex = 1; lastKnownFileType = text.xcconfig; name = "Pods-Playlistable.debug.xcconfig"; path = "Pods/Target Support Files/Pods-Playlistable/Pods-Playlistable.debug.xcconfig"; sourceTree = "<group>"; };
/* End PBXFileReference section */

/* Begin PBXFrameworksBuildPhase section */
		AC02D0C21F9CF5B3009ED193 /* Frameworks */ = {
			isa = PBXFrameworksBuildPhase;
			buildActionMask = 2147483647;
			files = (
				C123A7C91CFEAE164A8E1B27 /* Pods_Playlistable.framework in Frameworks */,
			);
			runOnlyForDeploymentPostprocessing = 0;
		};
/* End PBXFrameworksBuildPhase section */

/* Begin PBXGroup section */
		4DABE51C90155E4DE5A9E905 /* Frameworks */ = {
			isa = PBXGroup;
			children = (
				15F2B3C9304F9A14993083D1 /* Pods_Playlistable.framework */,
			);
			name = Frameworks;
			sourceTree = "<group>";
		};
		A783AE7199AC9D14174EC29C /* Pods */ = {
			isa = PBXGroup;
			children = (
				F205E7760234089465BFB399 /* Pods-Playlistable.debug.xcconfig */,
				34FD0E942F0AF4C649DE5319 /* Pods-Playlistable.release.xcconfig */,
			);
			name = Pods;
			sourceTree = "<group>";
		};
		AC02D0BC1F9CF5B3009ED193 = {
			isa = PBXGroup;
			children = (
				AC02D0C71F9CF5B3009ED193 /* Playlistable */,
				AC02D0C61F9CF5B3009ED193 /* Products */,
				A783AE7199AC9D14174EC29C /* Pods */,
				4DABE51C90155E4DE5A9E905 /* Frameworks */,
			);
			sourceTree = "<group>";
		};
		AC02D0C61F9CF5B3009ED193 /* Products */ = {
			isa = PBXGroup;
			children = (
				AC02D0C51F9CF5B3009ED193 /* Playlistable.app */,
			);
			name = Products;
			sourceTree = "<group>";
		};
		AC02D0C71F9CF5B3009ED193 /* Playlistable */ = {
			isa = PBXGroup;
			children = (
				AC02D0DD1F9CF7DE009ED193 /* Constants */,
				AC02D0DA1F9CF6D6009ED193 /* Networking */,
				AC02D0C81F9CF5B3009ED193 /* AppDelegate.swift */,
				AC02D0CA1F9CF5B3009ED193 /* ViewController.swift */,
				AC02D0CC1F9CF5B3009ED193 /* Main.storyboard */,
				AC02D0CF1F9CF5B3009ED193 /* Assets.xcassets */,
				AC02D0D11F9CF5B3009ED193 /* LaunchScreen.storyboard */,
				AC02D0D41F9CF5B3009ED193 /* Info.plist */,
			);
			path = Playlistable;
			sourceTree = "<group>";
		};
		AC02D0DA1F9CF6D6009ED193 /* Networking */ = {
			isa = PBXGroup;
			children = (
				AC02D0DB1F9CF73B009ED193 /* APIRequest.swift */,
			);
			path = Networking;
			sourceTree = "<group>";
		};
		AC02D0DD1F9CF7DE009ED193 /* Constants */ = {
			isa = PBXGroup;
			children = (
				AC02D0DE1F9CF7EF009ED193 /* AppConstants.swift */,
			);
			path = Constants;
			sourceTree = "<group>";
		};
/* End PBXGroup section */

/* Begin PBXNativeTarget section */
		AC02D0C41F9CF5B3009ED193 /* Playlistable */ = {
			isa = PBXNativeTarget;
			buildConfigurationList = AC02D0D71F9CF5B3009ED193 /* Build configuration list for PBXNativeTarget "Playlistable" */;
			buildPhases = (
				14096A0C10E1E71E02FA74E6 /* [CP] Check Pods Manifest.lock */,
				AC02D0C11F9CF5B3009ED193 /* Sources */,
				AC02D0C21F9CF5B3009ED193 /* Frameworks */,
				AC02D0C31F9CF5B3009ED193 /* Resources */,
				EAD9FA501EE079C9B0C0BF76 /* [CP] Embed Pods Frameworks */,
				43E69DF3BF9F28B80BC52E23 /* [CP] Copy Pods Resources */,
			);
			buildRules = (
			);
			dependencies = (
			);
			name = Playlistable;
			productName = Playlistable;
			productReference = AC02D0C51F9CF5B3009ED193 /* Playlistable.app */;
			productType = "com.apple.product-type.application";
		};
/* End PBXNativeTarget section */

/* Begin PBXProject section */
		AC02D0BD1F9CF5B3009ED193 /* Project object */ = {
			isa = PBXProject;
			attributes = {
				LastSwiftUpdateCheck = 0900;
				LastUpgradeCheck = 0900;
				ORGANIZATIONNAME = "Cody Pizzaia";
				TargetAttributes = {
					AC02D0C41F9CF5B3009ED193 = {
						CreatedOnToolsVersion = 9.0;
						ProvisioningStyle = Automatic;
					};
				};
			};
			buildConfigurationList = AC02D0C01F9CF5B3009ED193 /* Build configuration list for PBXProject "Playlistable" */;
			compatibilityVersion = "Xcode 8.0";
			developmentRegion = en;
			hasScannedForEncodings = 0;
			knownRegions = (
				en,
				Base,
			);
			mainGroup = AC02D0BC1F9CF5B3009ED193;
			productRefGroup = AC02D0C61F9CF5B3009ED193 /* Products */;
			projectDirPath = "";
			projectRoot = "";
			targets = (
				AC02D0C41F9CF5B3009ED193 /* Playlistable */,
			);
		};
/* End PBXProject section */

/* Begin PBXResourcesBuildPhase section */
		AC02D0C31F9CF5B3009ED193 /* Resources */ = {
			isa = PBXResourcesBuildPhase;
			buildActionMask = 2147483647;
			files = (
				AC02D0D31F9CF5B3009ED193 /* LaunchScreen.storyboard in Resources */,
				AC02D0D01F9CF5B3009ED193 /* Assets.xcassets in Resources */,
				AC02D0CE1F9CF5B3009ED193 /* Main.storyboard in Resources */,
			);
			runOnlyForDeploymentPostprocessing = 0;
		};
/* End PBXResourcesBuildPhase section */

/* Begin PBXShellScriptBuildPhase section */
		14096A0C10E1E71E02FA74E6 /* [CP] Check Pods Manifest.lock */ = {
			isa = PBXShellScriptBuildPhase;
			buildActionMask = 2147483647;
			files = (
			);
			inputPaths = (
				"${PODS_PODFILE_DIR_PATH}/Podfile.lock",
				"${PODS_ROOT}/Manifest.lock",
			);
			name = "[CP] Check Pods Manifest.lock";
			outputPaths = (
				"$(DERIVED_FILE_DIR)/Pods-Playlistable-checkManifestLockResult.txt",
			);
			runOnlyForDeploymentPostprocessing = 0;
			shellPath = /bin/sh;
			shellScript = "diff \"${PODS_PODFILE_DIR_PATH}/Podfile.lock\" \"${PODS_ROOT}/Manifest.lock\" > /dev/null\nif [ $? != 0 ] ; then\n    # print error to STDERR\n    echo \"error: The sandbox is not in sync with the Podfile.lock. Run 'pod install' or update your CocoaPods installation.\" >&2\n    exit 1\nfi\n# This output is used by Xcode 'outputs' to avoid re-running this script phase.\necho \"SUCCESS\" > \"${SCRIPT_OUTPUT_FILE_0}\"\n";
			showEnvVarsInLog = 0;
		};
		43E69DF3BF9F28B80BC52E23 /* [CP] Copy Pods Resources */ = {
			isa = PBXShellScriptBuildPhase;
			buildActionMask = 2147483647;
			files = (
			);
			inputPaths = (
			);
			name = "[CP] Copy Pods Resources";
			outputPaths = (
			);
			runOnlyForDeploymentPostprocessing = 0;
			shellPath = /bin/sh;
			shellScript = "\"${SRCROOT}/Pods/Target Support Files/Pods-Playlistable/Pods-Playlistable-resources.sh\"\n";
			showEnvVarsInLog = 0;
		};
		EAD9FA501EE079C9B0C0BF76 /* [CP] Embed Pods Frameworks */ = {
			isa = PBXShellScriptBuildPhase;
			buildActionMask = 2147483647;
			files = (
			);
			inputPaths = (
				"${SRCROOT}/Pods/Target Support Files/Pods-Playlistable/Pods-Playlistable-frameworks.sh",
				"${BUILT_PRODUCTS_DIR}/Alamofire/Alamofire.framework",
				"${BUILT_PRODUCTS_DIR}/ReSwift/ReSwift.framework",
				"${BUILT_PRODUCTS_DIR}/SDWebImage/SDWebImage.framework",
				"${BUILT_PRODUCTS_DIR}/Spotify-iOS-SDK/Spotify.framework",
				"${BUILT_PRODUCTS_DIR}/SwiftyJSON/SwiftyJSON.framework",
			);
			name = "[CP] Embed Pods Frameworks";
			outputPaths = (
				"${TARGET_BUILD_DIR}/${FRAMEWORKS_FOLDER_PATH}/Alamofire.framework",
				"${TARGET_BUILD_DIR}/${FRAMEWORKS_FOLDER_PATH}/ReSwift.framework",
				"${TARGET_BUILD_DIR}/${FRAMEWORKS_FOLDER_PATH}/SDWebImage.framework",
				"${TARGET_BUILD_DIR}/${FRAMEWORKS_FOLDER_PATH}/Spotify.framework",
				"${TARGET_BUILD_DIR}/${FRAMEWORKS_FOLDER_PATH}/SwiftyJSON.framework",
			);
			runOnlyForDeploymentPostprocessing = 0;
			shellPath = /bin/sh;
			shellScript = "\"${SRCROOT}/Pods/Target Support Files/Pods-Playlistable/Pods-Playlistable-frameworks.sh\"\n";
			showEnvVarsInLog = 0;
		};
/* End PBXShellScriptBuildPhase section */

/* Begin PBXSourcesBuildPhase section */
		AC02D0C11F9CF5B3009ED193 /* Sources */ = {
			isa = PBXSourcesBuildPhase;
			buildActionMask = 2147483647;
			files = (
				AC02D0CB1F9CF5B3009ED193 /* ViewController.swift in Sources */,
				AC02D0DC1F9CF73B009ED193 /* APIRequest.swift in Sources */,
				AC02D0C91F9CF5B3009ED193 /* AppDelegate.swift in Sources */,
				AC02D0DF1F9CF7EF009ED193 /* AppConstants.swift in Sources */,
			);
			runOnlyForDeploymentPostprocessing = 0;
		};
/* End PBXSourcesBuildPhase section */

/* Begin PBXVariantGroup section */
		AC02D0CC1F9CF5B3009ED193 /* Main.storyboard */ = {
			isa = PBXVariantGroup;
			children = (
				AC02D0CD1F9CF5B3009ED193 /* Base */,
			);
			name = Main.storyboard;
			sourceTree = "<group>";
		};
		AC02D0D11F9CF5B3009ED193 /* LaunchScreen.storyboard */ = {
			isa = PBXVariantGroup;
			children = (
				AC02D0D21F9CF5B3009ED193 /* Base */,
			);
			name = LaunchScreen.storyboard;
			sourceTree = "<group>";
		};
/* End PBXVariantGroup section */

/* Begin XCBuildConfiguration section */
		AC02D0D51F9CF5B3009ED193 /* Debug */ = {
			isa = XCBuildConfiguration;
			buildSettings = {
				ALWAYS_SEARCH_USER_PATHS = NO;
				CLANG_ANALYZER_NONNULL = YES;
				CLANG_ANALYZER_NUMBER_OBJECT_CONVERSION = YES_AGGRESSIVE;
				CLANG_CXX_LANGUAGE_STANDARD = "gnu++14";
				CLANG_CXX_LIBRARY = "libc++";
				CLANG_ENABLE_MODULES = YES;
				CLANG_ENABLE_OBJC_ARC = YES;
				CLANG_WARN_BLOCK_CAPTURE_AUTORELEASING = YES;
				CLANG_WARN_BOOL_CONVERSION = YES;
				CLANG_WARN_COMMA = YES;
				CLANG_WARN_CONSTANT_CONVERSION = YES;
				CLANG_WARN_DIRECT_OBJC_ISA_USAGE = YES_ERROR;
				CLANG_WARN_DOCUMENTATION_COMMENTS = YES;
				CLANG_WARN_EMPTY_BODY = YES;
				CLANG_WARN_ENUM_CONVERSION = YES;
				CLANG_WARN_INFINITE_RECURSION = YES;
				CLANG_WARN_INT_CONVERSION = YES;
				CLANG_WARN_NON_LITERAL_NULL_CONVERSION = YES;
				CLANG_WARN_OBJC_LITERAL_CONVERSION = YES;
				CLANG_WARN_OBJC_ROOT_CLASS = YES_ERROR;
				CLANG_WARN_RANGE_LOOP_ANALYSIS = YES;
				CLANG_WARN_STRICT_PROTOTYPES = YES;
				CLANG_WARN_SUSPICIOUS_MOVE = YES;
				CLANG_WARN_UNGUARDED_AVAILABILITY = YES_AGGRESSIVE;
				CLANG_WARN_UNREACHABLE_CODE = YES;
				CLANG_WARN__DUPLICATE_METHOD_MATCH = YES;
				CODE_SIGN_IDENTITY = "iPhone Developer";
				COPY_PHASE_STRIP = NO;
				DEBUG_INFORMATION_FORMAT = dwarf;
				ENABLE_STRICT_OBJC_MSGSEND = YES;
				ENABLE_TESTABILITY = YES;
				GCC_C_LANGUAGE_STANDARD = gnu11;
				GCC_DYNAMIC_NO_PIC = NO;
				GCC_NO_COMMON_BLOCKS = YES;
				GCC_OPTIMIZATION_LEVEL = 0;
				GCC_PREPROCESSOR_DEFINITIONS = (
					"DEBUG=1",
					"$(inherited)",
				);
				GCC_WARN_64_TO_32_BIT_CONVERSION = YES;
				GCC_WARN_ABOUT_RETURN_TYPE = YES_ERROR;
				GCC_WARN_UNDECLARED_SELECTOR = YES;
				GCC_WARN_UNINITIALIZED_AUTOS = YES_AGGRESSIVE;
				GCC_WARN_UNUSED_FUNCTION = YES;
				GCC_WARN_UNUSED_VARIABLE = YES;
				IPHONEOS_DEPLOYMENT_TARGET = 11.0;
				MTL_ENABLE_DEBUG_INFO = YES;
				ONLY_ACTIVE_ARCH = YES;
				SDKROOT = iphoneos;
				SWIFT_ACTIVE_COMPILATION_CONDITIONS = DEBUG;
				SWIFT_OPTIMIZATION_LEVEL = "-Onone";
			};
			name = Debug;
		};
		AC02D0D61F9CF5B3009ED193 /* Release */ = {
			isa = XCBuildConfiguration;
			buildSettings = {
				ALWAYS_SEARCH_USER_PATHS = NO;
				CLANG_ANALYZER_NONNULL = YES;
				CLANG_ANALYZER_NUMBER_OBJECT_CONVERSION = YES_AGGRESSIVE;
				CLANG_CXX_LANGUAGE_STANDARD = "gnu++14";
				CLANG_CXX_LIBRARY = "libc++";
				CLANG_ENABLE_MODULES = YES;
				CLANG_ENABLE_OBJC_ARC = YES;
				CLANG_WARN_BLOCK_CAPTURE_AUTORELEASING = YES;
				CLANG_WARN_BOOL_CONVERSION = YES;
				CLANG_WARN_COMMA = YES;
				CLANG_WARN_CONSTANT_CONVERSION = YES;
				CLANG_WARN_DIRECT_OBJC_ISA_USAGE = YES_ERROR;
				CLANG_WARN_DOCUMENTATION_COMMENTS = YES;
				CLANG_WARN_EMPTY_BODY = YES;
				CLANG_WARN_ENUM_CONVERSION = YES;
				CLANG_WARN_INFINITE_RECURSION = YES;
				CLANG_WARN_INT_CONVERSION = YES;
				CLANG_WARN_NON_LITERAL_NULL_CONVERSION = YES;
				CLANG_WARN_OBJC_LITERAL_CONVERSION = YES;
				CLANG_WARN_OBJC_ROOT_CLASS = YES_ERROR;
				CLANG_WARN_RANGE_LOOP_ANALYSIS = YES;
				CLANG_WARN_STRICT_PROTOTYPES = YES;
				CLANG_WARN_SUSPICIOUS_MOVE = YES;
				CLANG_WARN_UNGUARDED_AVAILABILITY = YES_AGGRESSIVE;
				CLANG_WARN_UNREACHABLE_CODE = YES;
				CLANG_WARN__DUPLICATE_METHOD_MATCH = YES;
				CODE_SIGN_IDENTITY = "iPhone Developer";
				COPY_PHASE_STRIP = NO;
				DEBUG_INFORMATION_FORMAT = "dwarf-with-dsym";
				ENABLE_NS_ASSERTIONS = NO;
				ENABLE_STRICT_OBJC_MSGSEND = YES;
				GCC_C_LANGUAGE_STANDARD = gnu11;
				GCC_NO_COMMON_BLOCKS = YES;
				GCC_WARN_64_TO_32_BIT_CONVERSION = YES;
				GCC_WARN_ABOUT_RETURN_TYPE = YES_ERROR;
				GCC_WARN_UNDECLARED_SELECTOR = YES;
				GCC_WARN_UNINITIALIZED_AUTOS = YES_AGGRESSIVE;
				GCC_WARN_UNUSED_FUNCTION = YES;
				GCC_WARN_UNUSED_VARIABLE = YES;
				IPHONEOS_DEPLOYMENT_TARGET = 11.0;
				MTL_ENABLE_DEBUG_INFO = NO;
				SDKROOT = iphoneos;
				SWIFT_OPTIMIZATION_LEVEL = "-Owholemodule";
				VALIDATE_PRODUCT = YES;
			};
			name = Release;
		};
		AC02D0D81F9CF5B3009ED193 /* Debug */ = {
			isa = XCBuildConfiguration;
			baseConfigurationReference = F205E7760234089465BFB399 /* Pods-Playlistable.debug.xcconfig */;
			buildSettings = {
				ASSETCATALOG_COMPILER_APPICON_NAME = AppIcon;
				CODE_SIGN_STYLE = Automatic;
				DEVELOPMENT_TEAM = W6Y8FXYPMN;
				INFOPLIST_FILE = Playlistable/Info.plist;
				LD_RUNPATH_SEARCH_PATHS = "$(inherited) @executable_path/Frameworks";
				PRODUCT_BUNDLE_IDENTIFIER = CP.Playlistable;
				PRODUCT_NAME = "$(TARGET_NAME)";
				SWIFT_VERSION = 4.0;
				TARGETED_DEVICE_FAMILY = "1,2";
			};
			name = Debug;
		};
		AC02D0D91F9CF5B3009ED193 /* Release */ = {
			isa = XCBuildConfiguration;
			baseConfigurationReference = 34FD0E942F0AF4C649DE5319 /* Pods-Playlistable.release.xcconfig */;
			buildSettings = {
				ASSETCATALOG_COMPILER_APPICON_NAME = AppIcon;
				CODE_SIGN_STYLE = Automatic;
				DEVELOPMENT_TEAM = W6Y8FXYPMN;
				INFOPLIST_FILE = Playlistable/Info.plist;
				LD_RUNPATH_SEARCH_PATHS = "$(inherited) @executable_path/Frameworks";
				PRODUCT_BUNDLE_IDENTIFIER = CP.Playlistable;
				PRODUCT_NAME = "$(TARGET_NAME)";
				SWIFT_VERSION = 4.0;
				TARGETED_DEVICE_FAMILY = "1,2";
			};
			name = Release;
		};
/* End XCBuildConfiguration section */

/* Begin XCConfigurationList section */
		AC02D0C01F9CF5B3009ED193 /* Build configuration list for PBXProject "Playlistable" */ = {
			isa = XCConfigurationList;
			buildConfigurations = (
				AC02D0D51F9CF5B3009ED193 /* Debug */,
				AC02D0D61F9CF5B3009ED193 /* Release */,
			);
			defaultConfigurationIsVisible = 0;
			defaultConfigurationName = Release;
		};
		AC02D0D71F9CF5B3009ED193 /* Build configuration list for PBXNativeTarget "Playlistable" */ = {
			isa = XCConfigurationList;
			buildConfigurations = (
				AC02D0D81F9CF5B3009ED193 /* Debug */,
				AC02D0D91F9CF5B3009ED193 /* Release */,
			);
			defaultConfigurationIsVisible = 0;
			defaultConfigurationName = Release;
		};
/* End XCConfigurationList section */
	};
	rootObject = AC02D0BD1F9CF5B3009ED193 /* Project object */;
}
