// !$*UTF8*$!
{
	archiveVersion = 1;
	classes = {
	};
	objectVersion = 48;
	objects = {

/* Begin PBXBuildFile section */
		AC0148761F9D700200F9A732 /* SpotifyAuthActions.swift in Sources */ = {isa = PBXBuildFile; fileRef = AC0148751F9D700200F9A732 /* SpotifyAuthActions.swift */; };
		AC0148791F9D80C100F9A732 /* UIViewControllerExtensions.swift in Sources */ = {isa = PBXBuildFile; fileRef = AC0148781F9D80C100F9A732 /* UIViewControllerExtensions.swift */; };
		AC01487B1F9D855D00F9A732 /* APIQueryParamsFormatter.swift in Sources */ = {isa = PBXBuildFile; fileRef = AC01487A1F9D855D00F9A732 /* APIQueryParamsFormatter.swift */; };
		AC01487F1F9D907D00F9A732 /* URLExtensions.swift in Sources */ = {isa = PBXBuildFile; fileRef = AC01487E1F9D907D00F9A732 /* URLExtensions.swift */; };
		AC02D0C91F9CF5B3009ED193 /* AppDelegate.swift in Sources */ = {isa = PBXBuildFile; fileRef = AC02D0C81F9CF5B3009ED193 /* AppDelegate.swift */; };
		AC02D0D01F9CF5B3009ED193 /* Assets.xcassets in Resources */ = {isa = PBXBuildFile; fileRef = AC02D0CF1F9CF5B3009ED193 /* Assets.xcassets */; };
		AC02D0D31F9CF5B3009ED193 /* LaunchScreen.storyboard in Resources */ = {isa = PBXBuildFile; fileRef = AC02D0D11F9CF5B3009ED193 /* LaunchScreen.storyboard */; };
		AC02D0DC1F9CF73B009ED193 /* APIRequest.swift in Sources */ = {isa = PBXBuildFile; fileRef = AC02D0DB1F9CF73B009ED193 /* APIRequest.swift */; };
		AC02D0DF1F9CF7EF009ED193 /* AppConstants.swift in Sources */ = {isa = PBXBuildFile; fileRef = AC02D0DE1F9CF7EF009ED193 /* AppConstants.swift */; };
		AC11971B1FB8DE91009D1646 /* GeneratedPlaylistViewController.swift in Sources */ = {isa = PBXBuildFile; fileRef = AC11971A1FB8DE91009D1646 /* GeneratedPlaylistViewController.swift */; };
		AC11971D1FB8DEC0009D1646 /* GeneratedPlaylistViewController.xib in Resources */ = {isa = PBXBuildFile; fileRef = AC11971C1FB8DEC0009D1646 /* GeneratedPlaylistViewController.xib */; };
		AC11971F1FB8E4D9009D1646 /* GeneratedPlaylistReducer.swift in Sources */ = {isa = PBXBuildFile; fileRef = AC11971E1FB8E4D9009D1646 /* GeneratedPlaylistReducer.swift */; };
		AC1197211FB8F447009D1646 /* GeneratePlaylistActions.swift in Sources */ = {isa = PBXBuildFile; fileRef = AC1197201FB8F447009D1646 /* GeneratePlaylistActions.swift */; };
		AC1197231FB90EBB009D1646 /* SpotifyPlayerActions.swift in Sources */ = {isa = PBXBuildFile; fileRef = AC1197221FB90EBB009D1646 /* SpotifyPlayerActions.swift */; };
		AC1197251FB91198009D1646 /* SpotifyPlayerReducer.swift in Sources */ = {isa = PBXBuildFile; fileRef = AC1197241FB91198009D1646 /* SpotifyPlayerReducer.swift */; };
		AC11972F1FB95686009D1646 /* PlayerBarContainerViewController.swift in Sources */ = {isa = PBXBuildFile; fileRef = AC11972E1FB95686009D1646 /* PlayerBarContainerViewController.swift */; };
		AC1197311FB956B1009D1646 /* PlayerBarContainerViewController.xib in Resources */ = {isa = PBXBuildFile; fileRef = AC1197301FB956B1009D1646 /* PlayerBarContainerViewController.xib */; };
		AC16D7401FA02CA300CAAD13 /* TabBarController.xib in Resources */ = {isa = PBXBuildFile; fileRef = AC16D73F1FA02CA300CAAD13 /* TabBarController.xib */; };
		AC16D7421FA02D3500CAAD13 /* TabBarController.swift in Sources */ = {isa = PBXBuildFile; fileRef = AC16D7411FA02D3500CAAD13 /* TabBarController.swift */; };
		AC16D7441FA02DD900CAAD13 /* LibraryViewController.swift in Sources */ = {isa = PBXBuildFile; fileRef = AC16D7431FA02DD900CAAD13 /* LibraryViewController.swift */; };
		AC16D7461FA02E1700CAAD13 /* LibraryViewController.xib in Resources */ = {isa = PBXBuildFile; fileRef = AC16D7451FA02E1700CAAD13 /* LibraryViewController.xib */; };
		AC17B7FA1FBE9ACA0029AFB6 /* LockscreenController.swift in Sources */ = {isa = PBXBuildFile; fileRef = AC17B7F91FBE9ACA0029AFB6 /* LockscreenController.swift */; };
		AC17B7FC1FBE9B390029AFB6 /* PlayerQueueController.swift in Sources */ = {isa = PBXBuildFile; fileRef = AC17B7FB1FBE9B390029AFB6 /* PlayerQueueController.swift */; };
		AC17B7FE1FBE9C3F0029AFB6 /* StateManager.swift in Sources */ = {isa = PBXBuildFile; fileRef = AC17B7FD1FBE9C3F0029AFB6 /* StateManager.swift */; };
		AC18FCBE1FB3E75B0079AFC8 /* InspectAllViewController.xib in Resources */ = {isa = PBXBuildFile; fileRef = AC18FCBD1FB3E75B0079AFC8 /* InspectAllViewController.xib */; };
		AC18FCC01FB3E7A20079AFC8 /* InspectAllViewController.swift in Sources */ = {isa = PBXBuildFile; fileRef = AC18FCBF1FB3E7A20079AFC8 /* InspectAllViewController.swift */; };
		AC18FCC41FB3E95A0079AFC8 /* InspectAllTableViewCell.xib in Resources */ = {isa = PBXBuildFile; fileRef = AC18FCC31FB3E95A0079AFC8 /* InspectAllTableViewCell.xib */; };
		AC18FCC61FB3E9A20079AFC8 /* InspectAllTableViewCell.swift in Sources */ = {isa = PBXBuildFile; fileRef = AC18FCC51FB3E9A20079AFC8 /* InspectAllTableViewCell.swift */; };
		AC18FCC81FB412A20079AFC8 /* Item.swift in Sources */ = {isa = PBXBuildFile; fileRef = AC18FCC71FB412A20079AFC8 /* Item.swift */; };
		AC3268951FAFC3A9000AA05B /* ParseResources.swift in Sources */ = {isa = PBXBuildFile; fileRef = AC3268941FAFC3A9000AA05B /* ParseResources.swift */; };
		AC5787191FDCAD860057D41A /* StringExtensions.swift in Sources */ = {isa = PBXBuildFile; fileRef = AC5787181FDCAD860057D41A /* StringExtensions.swift */; };
		AC57871B1FDCB1E30057D41A /* SavedTracksReducer.swift in Sources */ = {isa = PBXBuildFile; fileRef = AC57871A1FDCB1E30057D41A /* SavedTracksReducer.swift */; };
		AC83D6561FBD46D500E9D004 /* wrapInDispatchMiddleware.swift in Sources */ = {isa = PBXBuildFile; fileRef = AC83D6551FBD46D500E9D004 /* wrapInDispatchMiddleware.swift */; };
		AC8AB6AB1FA95F1600251F85 /* LibraryReducer.swift in Sources */ = {isa = PBXBuildFile; fileRef = AC8AB6AA1FA95F1600251F85 /* LibraryReducer.swift */; };
		AC8AB6AD1FA95FBF00251F85 /* LibraryActions.swift in Sources */ = {isa = PBXBuildFile; fileRef = AC8AB6AC1FA95FBF00251F85 /* LibraryActions.swift */; };
		AC8AB6AF1FA9641B00251F85 /* SpotifyResponseParser.swift in Sources */ = {isa = PBXBuildFile; fileRef = AC8AB6AE1FA9641B00251F85 /* SpotifyResponseParser.swift */; };
		AC8AB6B21FA964B300251F85 /* TrackFactory.swift in Sources */ = {isa = PBXBuildFile; fileRef = AC8AB6B11FA964B300251F85 /* TrackFactory.swift */; };
		AC8AB6B41FA967ED00251F85 /* ArtistFactory.swift in Sources */ = {isa = PBXBuildFile; fileRef = AC8AB6B31FA967ED00251F85 /* ArtistFactory.swift */; };
		AC8AB6B61FA968D500251F85 /* AlbumFactory.swift in Sources */ = {isa = PBXBuildFile; fileRef = AC8AB6B51FA968D500251F85 /* AlbumFactory.swift */; };
		AC8AB6B81FA969C000251F85 /* ImageFactory.swift in Sources */ = {isa = PBXBuildFile; fileRef = AC8AB6B71FA969C000251F85 /* ImageFactory.swift */; };
		AC8AB6BA1FA9760F00251F85 /* ResourceReducer.swift in Sources */ = {isa = PBXBuildFile; fileRef = AC8AB6B91FA9760F00251F85 /* ResourceReducer.swift */; };
		AC8AB6BC1FA9777D00251F85 /* ResourceActions.swift in Sources */ = {isa = PBXBuildFile; fileRef = AC8AB6BB1FA9777D00251F85 /* ResourceActions.swift */; };
		AC8C20401FC9DA2F006FF1AC /* UIButtonExtensions.swift in Sources */ = {isa = PBXBuildFile; fileRef = AC8C203F1FC9DA2F006FF1AC /* UIButtonExtensions.swift */; };
		ACA09EA51F9D556800220E8B /* APIMiddleware.swift in Sources */ = {isa = PBXBuildFile; fileRef = ACA09EA41F9D556800220E8B /* APIMiddleware.swift */; };
		ACAA1A421FB548F700F6B345 /* SeedsReducer.swift in Sources */ = {isa = PBXBuildFile; fileRef = ACAA1A411FB548F700F6B345 /* SeedsReducer.swift */; };
		ACAA1A441FB54A8B00F6B345 /* SeedsActions.swift in Sources */ = {isa = PBXBuildFile; fileRef = ACAA1A431FB54A8B00F6B345 /* SeedsActions.swift */; };
		ACBDF1331F9CFC23001760D7 /* Artist.swift in Sources */ = {isa = PBXBuildFile; fileRef = ACBDF1321F9CFC23001760D7 /* Artist.swift */; };
		ACBDF1351F9CFDF7001760D7 /* Image.swift in Sources */ = {isa = PBXBuildFile; fileRef = ACBDF1341F9CFDF7001760D7 /* Image.swift */; };
		ACBDF1371F9CFE48001760D7 /* Track.swift in Sources */ = {isa = PBXBuildFile; fileRef = ACBDF1361F9CFE48001760D7 /* Track.swift */; };
		ACBDF1391F9CFE5B001760D7 /* Album.swift in Sources */ = {isa = PBXBuildFile; fileRef = ACBDF1381F9CFE5B001760D7 /* Album.swift */; };
		ACBDF1401F9D172E001760D7 /* ConfigureStore.swift in Sources */ = {isa = PBXBuildFile; fileRef = ACBDF13F1F9D172E001760D7 /* ConfigureStore.swift */; };
		ACBDF1431F9D3749001760D7 /* AppReducer.swift in Sources */ = {isa = PBXBuildFile; fileRef = ACBDF1421F9D3749001760D7 /* AppReducer.swift */; };
		ACBDF1451F9D38B4001760D7 /* SpotifyAuthReducer.swift in Sources */ = {isa = PBXBuildFile; fileRef = ACBDF1441F9D38B4001760D7 /* SpotifyAuthReducer.swift */; };
		ACBDF14D1F9D541E001760D7 /* LoggingMiddlware.swift in Sources */ = {isa = PBXBuildFile; fileRef = ACBDF14C1F9D541E001760D7 /* LoggingMiddlware.swift */; };
		ACD4B00D1FBAA25C00C955C2 /* GeneratedPlaylistTrackTableViewCell.xib in Resources */ = {isa = PBXBuildFile; fileRef = ACD4B00C1FBAA25C00C955C2 /* GeneratedPlaylistTrackTableViewCell.xib */; };
		ACD4B00F1FBAA27500C955C2 /* GeneratedPlaylistTrackTableViewCell.swift in Sources */ = {isa = PBXBuildFile; fileRef = ACD4B00E1FBAA27500C955C2 /* GeneratedPlaylistTrackTableViewCell.swift */; };
		ACE6E78E1FB2BE750005BE41 /* LibraryTableViewCell.swift in Sources */ = {isa = PBXBuildFile; fileRef = ACE6E78D1FB2BE750005BE41 /* LibraryTableViewCell.swift */; };
		ACE6E7901FB2BE850005BE41 /* LibraryTableViewCell.xib in Resources */ = {isa = PBXBuildFile; fileRef = ACE6E78F1FB2BE850005BE41 /* LibraryTableViewCell.xib */; };
		ACEA2F2A1FAFF14F001615F8 /* DictionaryExtensions.swift in Sources */ = {isa = PBXBuildFile; fileRef = ACEA2F291FAFF14F001615F8 /* DictionaryExtensions.swift */; };
		C123A7C91CFEAE164A8E1B27 /* Pods_Playlistable.framework in Frameworks */ = {isa = PBXBuildFile; fileRef = 15F2B3C9304F9A14993083D1 /* Pods_Playlistable.framework */; };
/* End PBXBuildFile section */

/* Begin PBXFileReference section */
		15F2B3C9304F9A14993083D1 /* Pods_Playlistable.framework */ = {isa = PBXFileReference; explicitFileType = wrapper.framework; includeInIndex = 0; path = Pods_Playlistable.framework; sourceTree = BUILT_PRODUCTS_DIR; };
		34FD0E942F0AF4C649DE5319 /* Pods-Playlistable.release.xcconfig */ = {isa = PBXFileReference; includeInIndex = 1; lastKnownFileType = text.xcconfig; name = "Pods-Playlistable.release.xcconfig"; path = "Pods/Target Support Files/Pods-Playlistable/Pods-Playlistable.release.xcconfig"; sourceTree = "<group>"; };
		AC0148751F9D700200F9A732 /* SpotifyAuthActions.swift */ = {isa = PBXFileReference; lastKnownFileType = sourcecode.swift; path = SpotifyAuthActions.swift; sourceTree = "<group>"; };
		AC0148781F9D80C100F9A732 /* UIViewControllerExtensions.swift */ = {isa = PBXFileReference; lastKnownFileType = sourcecode.swift; path = UIViewControllerExtensions.swift; sourceTree = "<group>"; };
		AC01487A1F9D855D00F9A732 /* APIQueryParamsFormatter.swift */ = {isa = PBXFileReference; lastKnownFileType = sourcecode.swift; path = APIQueryParamsFormatter.swift; sourceTree = "<group>"; };
		AC01487E1F9D907D00F9A732 /* URLExtensions.swift */ = {isa = PBXFileReference; lastKnownFileType = sourcecode.swift; path = URLExtensions.swift; sourceTree = "<group>"; };
		AC02D0C51F9CF5B3009ED193 /* Playlistable.app */ = {isa = PBXFileReference; explicitFileType = wrapper.application; includeInIndex = 0; path = Playlistable.app; sourceTree = BUILT_PRODUCTS_DIR; };
		AC02D0C81F9CF5B3009ED193 /* AppDelegate.swift */ = {isa = PBXFileReference; lastKnownFileType = sourcecode.swift; path = AppDelegate.swift; sourceTree = "<group>"; };
		AC02D0CF1F9CF5B3009ED193 /* Assets.xcassets */ = {isa = PBXFileReference; lastKnownFileType = folder.assetcatalog; path = Assets.xcassets; sourceTree = "<group>"; };
		AC02D0D21F9CF5B3009ED193 /* Base */ = {isa = PBXFileReference; lastKnownFileType = file.storyboard; name = Base; path = Base.lproj/LaunchScreen.storyboard; sourceTree = "<group>"; };
		AC02D0D41F9CF5B3009ED193 /* Info.plist */ = {isa = PBXFileReference; lastKnownFileType = text.plist.xml; path = Info.plist; sourceTree = "<group>"; };
		AC02D0DB1F9CF73B009ED193 /* APIRequest.swift */ = {isa = PBXFileReference; lastKnownFileType = sourcecode.swift; path = APIRequest.swift; sourceTree = "<group>"; };
		AC02D0DE1F9CF7EF009ED193 /* AppConstants.swift */ = {isa = PBXFileReference; lastKnownFileType = sourcecode.swift; path = AppConstants.swift; sourceTree = "<group>"; };
		AC11971A1FB8DE91009D1646 /* GeneratedPlaylistViewController.swift */ = {isa = PBXFileReference; lastKnownFileType = sourcecode.swift; path = GeneratedPlaylistViewController.swift; sourceTree = "<group>"; };
		AC11971C1FB8DEC0009D1646 /* GeneratedPlaylistViewController.xib */ = {isa = PBXFileReference; lastKnownFileType = file.xib; path = GeneratedPlaylistViewController.xib; sourceTree = "<group>"; };
		AC11971E1FB8E4D9009D1646 /* GeneratedPlaylistReducer.swift */ = {isa = PBXFileReference; lastKnownFileType = sourcecode.swift; path = GeneratedPlaylistReducer.swift; sourceTree = "<group>"; };
		AC1197201FB8F447009D1646 /* GeneratePlaylistActions.swift */ = {isa = PBXFileReference; lastKnownFileType = sourcecode.swift; path = GeneratePlaylistActions.swift; sourceTree = "<group>"; };
		AC1197221FB90EBB009D1646 /* SpotifyPlayerActions.swift */ = {isa = PBXFileReference; lastKnownFileType = sourcecode.swift; path = SpotifyPlayerActions.swift; sourceTree = "<group>"; };
		AC1197241FB91198009D1646 /* SpotifyPlayerReducer.swift */ = {isa = PBXFileReference; lastKnownFileType = sourcecode.swift; path = SpotifyPlayerReducer.swift; sourceTree = "<group>"; };
		AC11972E1FB95686009D1646 /* PlayerBarContainerViewController.swift */ = {isa = PBXFileReference; lastKnownFileType = sourcecode.swift; path = PlayerBarContainerViewController.swift; sourceTree = "<group>"; };
		AC1197301FB956B1009D1646 /* PlayerBarContainerViewController.xib */ = {isa = PBXFileReference; lastKnownFileType = file.xib; path = PlayerBarContainerViewController.xib; sourceTree = "<group>"; };
		AC16D73F1FA02CA300CAAD13 /* TabBarController.xib */ = {isa = PBXFileReference; lastKnownFileType = file.xib; path = TabBarController.xib; sourceTree = "<group>"; };
		AC16D7411FA02D3500CAAD13 /* TabBarController.swift */ = {isa = PBXFileReference; lastKnownFileType = sourcecode.swift; path = TabBarController.swift; sourceTree = "<group>"; };
		AC16D7431FA02DD900CAAD13 /* LibraryViewController.swift */ = {isa = PBXFileReference; lastKnownFileType = sourcecode.swift; path = LibraryViewController.swift; sourceTree = "<group>"; };
		AC16D7451FA02E1700CAAD13 /* LibraryViewController.xib */ = {isa = PBXFileReference; lastKnownFileType = file.xib; path = LibraryViewController.xib; sourceTree = "<group>"; };
		AC17B7F91FBE9ACA0029AFB6 /* LockscreenController.swift */ = {isa = PBXFileReference; lastKnownFileType = sourcecode.swift; path = LockscreenController.swift; sourceTree = "<group>"; };
		AC17B7FB1FBE9B390029AFB6 /* PlayerQueueController.swift */ = {isa = PBXFileReference; lastKnownFileType = sourcecode.swift; path = PlayerQueueController.swift; sourceTree = "<group>"; };
		AC17B7FD1FBE9C3F0029AFB6 /* StateManager.swift */ = {isa = PBXFileReference; lastKnownFileType = sourcecode.swift; path = StateManager.swift; sourceTree = "<group>"; };
		AC18FCBD1FB3E75B0079AFC8 /* InspectAllViewController.xib */ = {isa = PBXFileReference; lastKnownFileType = file.xib; path = InspectAllViewController.xib; sourceTree = "<group>"; };
		AC18FCBF1FB3E7A20079AFC8 /* InspectAllViewController.swift */ = {isa = PBXFileReference; lastKnownFileType = sourcecode.swift; path = InspectAllViewController.swift; sourceTree = "<group>"; };
		AC18FCC31FB3E95A0079AFC8 /* InspectAllTableViewCell.xib */ = {isa = PBXFileReference; lastKnownFileType = file.xib; path = InspectAllTableViewCell.xib; sourceTree = "<group>"; };
		AC18FCC51FB3E9A20079AFC8 /* InspectAllTableViewCell.swift */ = {isa = PBXFileReference; lastKnownFileType = sourcecode.swift; path = InspectAllTableViewCell.swift; sourceTree = "<group>"; };
		AC18FCC71FB412A20079AFC8 /* Item.swift */ = {isa = PBXFileReference; lastKnownFileType = sourcecode.swift; path = Item.swift; sourceTree = "<group>"; };
		AC1AF6021FC534B600DEFE09 /* Playlistable.entitlements */ = {isa = PBXFileReference; lastKnownFileType = text.plist.entitlements; path = Playlistable.entitlements; sourceTree = "<group>"; };
		AC3268941FAFC3A9000AA05B /* ParseResources.swift */ = {isa = PBXFileReference; lastKnownFileType = sourcecode.swift; path = ParseResources.swift; sourceTree = "<group>"; };
		AC5787181FDCAD860057D41A /* StringExtensions.swift */ = {isa = PBXFileReference; lastKnownFileType = sourcecode.swift; path = StringExtensions.swift; sourceTree = "<group>"; };
		AC57871A1FDCB1E30057D41A /* SavedTracksReducer.swift */ = {isa = PBXFileReference; lastKnownFileType = sourcecode.swift; path = SavedTracksReducer.swift; sourceTree = "<group>"; };
		AC83D6551FBD46D500E9D004 /* wrapInDispatchMiddleware.swift */ = {isa = PBXFileReference; lastKnownFileType = sourcecode.swift; path = wrapInDispatchMiddleware.swift; sourceTree = "<group>"; };
		AC8AB6AA1FA95F1600251F85 /* LibraryReducer.swift */ = {isa = PBXFileReference; lastKnownFileType = sourcecode.swift; path = LibraryReducer.swift; sourceTree = "<group>"; };
		AC8AB6AC1FA95FBF00251F85 /* LibraryActions.swift */ = {isa = PBXFileReference; lastKnownFileType = sourcecode.swift; path = LibraryActions.swift; sourceTree = "<group>"; };
		AC8AB6AE1FA9641B00251F85 /* SpotifyResponseParser.swift */ = {isa = PBXFileReference; lastKnownFileType = sourcecode.swift; path = SpotifyResponseParser.swift; sourceTree = "<group>"; };
		AC8AB6B11FA964B300251F85 /* TrackFactory.swift */ = {isa = PBXFileReference; lastKnownFileType = sourcecode.swift; path = TrackFactory.swift; sourceTree = "<group>"; };
		AC8AB6B31FA967ED00251F85 /* ArtistFactory.swift */ = {isa = PBXFileReference; lastKnownFileType = sourcecode.swift; path = ArtistFactory.swift; sourceTree = "<group>"; };
		AC8AB6B51FA968D500251F85 /* AlbumFactory.swift */ = {isa = PBXFileReference; lastKnownFileType = sourcecode.swift; path = AlbumFactory.swift; sourceTree = "<group>"; };
		AC8AB6B71FA969C000251F85 /* ImageFactory.swift */ = {isa = PBXFileReference; lastKnownFileType = sourcecode.swift; path = ImageFactory.swift; sourceTree = "<group>"; };
		AC8AB6B91FA9760F00251F85 /* ResourceReducer.swift */ = {isa = PBXFileReference; lastKnownFileType = sourcecode.swift; path = ResourceReducer.swift; sourceTree = "<group>"; };
		AC8AB6BB1FA9777D00251F85 /* ResourceActions.swift */ = {isa = PBXFileReference; lastKnownFileType = sourcecode.swift; path = ResourceActions.swift; sourceTree = "<group>"; };
		AC8C203F1FC9DA2F006FF1AC /* UIButtonExtensions.swift */ = {isa = PBXFileReference; lastKnownFileType = sourcecode.swift; path = UIButtonExtensions.swift; sourceTree = "<group>"; };
		ACA09EA41F9D556800220E8B /* APIMiddleware.swift */ = {isa = PBXFileReference; lastKnownFileType = sourcecode.swift; path = APIMiddleware.swift; sourceTree = "<group>"; };
		ACAA1A411FB548F700F6B345 /* SeedsReducer.swift */ = {isa = PBXFileReference; lastKnownFileType = sourcecode.swift; path = SeedsReducer.swift; sourceTree = "<group>"; };
		ACAA1A431FB54A8B00F6B345 /* SeedsActions.swift */ = {isa = PBXFileReference; lastKnownFileType = sourcecode.swift; path = SeedsActions.swift; sourceTree = "<group>"; };
		ACBDF1321F9CFC23001760D7 /* Artist.swift */ = {isa = PBXFileReference; lastKnownFileType = sourcecode.swift; path = Artist.swift; sourceTree = "<group>"; };
		ACBDF1341F9CFDF7001760D7 /* Image.swift */ = {isa = PBXFileReference; lastKnownFileType = sourcecode.swift; path = Image.swift; sourceTree = "<group>"; };
		ACBDF1361F9CFE48001760D7 /* Track.swift */ = {isa = PBXFileReference; lastKnownFileType = sourcecode.swift; path = Track.swift; sourceTree = "<group>"; };
		ACBDF1381F9CFE5B001760D7 /* Album.swift */ = {isa = PBXFileReference; lastKnownFileType = sourcecode.swift; path = Album.swift; sourceTree = "<group>"; };
		ACBDF13F1F9D172E001760D7 /* ConfigureStore.swift */ = {isa = PBXFileReference; lastKnownFileType = sourcecode.swift; path = ConfigureStore.swift; sourceTree = "<group>"; };
		ACBDF1421F9D3749001760D7 /* AppReducer.swift */ = {isa = PBXFileReference; lastKnownFileType = sourcecode.swift; path = AppReducer.swift; sourceTree = "<group>"; };
		ACBDF1441F9D38B4001760D7 /* SpotifyAuthReducer.swift */ = {isa = PBXFileReference; lastKnownFileType = sourcecode.swift; path = SpotifyAuthReducer.swift; sourceTree = "<group>"; };
		ACBDF14C1F9D541E001760D7 /* LoggingMiddlware.swift */ = {isa = PBXFileReference; lastKnownFileType = sourcecode.swift; path = LoggingMiddlware.swift; sourceTree = "<group>"; };
		ACD4B00C1FBAA25C00C955C2 /* GeneratedPlaylistTrackTableViewCell.xib */ = {isa = PBXFileReference; lastKnownFileType = file.xib; path = GeneratedPlaylistTrackTableViewCell.xib; sourceTree = "<group>"; };
		ACD4B00E1FBAA27500C955C2 /* GeneratedPlaylistTrackTableViewCell.swift */ = {isa = PBXFileReference; lastKnownFileType = sourcecode.swift; path = GeneratedPlaylistTrackTableViewCell.swift; sourceTree = "<group>"; };
		ACE6E78D1FB2BE750005BE41 /* LibraryTableViewCell.swift */ = {isa = PBXFileReference; lastKnownFileType = sourcecode.swift; path = LibraryTableViewCell.swift; sourceTree = "<group>"; };
		ACE6E78F1FB2BE850005BE41 /* LibraryTableViewCell.xib */ = {isa = PBXFileReference; lastKnownFileType = file.xib; path = LibraryTableViewCell.xib; sourceTree = "<group>"; };
		ACEA2F291FAFF14F001615F8 /* DictionaryExtensions.swift */ = {isa = PBXFileReference; lastKnownFileType = sourcecode.swift; path = DictionaryExtensions.swift; sourceTree = "<group>"; };
		F205E7760234089465BFB399 /* Pods-Playlistable.debug.xcconfig */ = {isa = PBXFileReference; includeInIndex = 1; lastKnownFileType = text.xcconfig; name = "Pods-Playlistable.debug.xcconfig"; path = "Pods/Target Support Files/Pods-Playlistable/Pods-Playlistable.debug.xcconfig"; sourceTree = "<group>"; };
/* End PBXFileReference section */

/* Begin PBXFrameworksBuildPhase section */
		AC02D0C21F9CF5B3009ED193 /* Frameworks */ = {
			isa = PBXFrameworksBuildPhase;
			buildActionMask = 2147483647;
			files = (
				C123A7C91CFEAE164A8E1B27 /* Pods_Playlistable.framework in Frameworks */,
			);
			runOnlyForDeploymentPostprocessing = 0;
		};
/* End PBXFrameworksBuildPhase section */

/* Begin PBXGroup section */
		4DABE51C90155E4DE5A9E905 /* Frameworks */ = {
			isa = PBXGroup;
			children = (
				15F2B3C9304F9A14993083D1 /* Pods_Playlistable.framework */,
			);
			name = Frameworks;
			sourceTree = "<group>";
		};
		A783AE7199AC9D14174EC29C /* Pods */ = {
			isa = PBXGroup;
			children = (
				F205E7760234089465BFB399 /* Pods-Playlistable.debug.xcconfig */,
				34FD0E942F0AF4C649DE5319 /* Pods-Playlistable.release.xcconfig */,
			);
			name = Pods;
			sourceTree = "<group>";
		};
		AC0148771F9D80B000F9A732 /* Extensions */ = {
			isa = PBXGroup;
			children = (
				AC0148781F9D80C100F9A732 /* UIViewControllerExtensions.swift */,
				AC01487E1F9D907D00F9A732 /* URLExtensions.swift */,
				ACEA2F291FAFF14F001615F8 /* DictionaryExtensions.swift */,
				AC8C203F1FC9DA2F006FF1AC /* UIButtonExtensions.swift */,
				AC5787181FDCAD860057D41A /* StringExtensions.swift */,
			);
			path = Extensions;
			sourceTree = "<group>";
		};
		AC02D0BC1F9CF5B3009ED193 = {
			isa = PBXGroup;
			children = (
				AC02D0C71F9CF5B3009ED193 /* Playlistable */,
				AC02D0C61F9CF5B3009ED193 /* Products */,
				A783AE7199AC9D14174EC29C /* Pods */,
				4DABE51C90155E4DE5A9E905 /* Frameworks */,
			);
			sourceTree = "<group>";
		};
		AC02D0C61F9CF5B3009ED193 /* Products */ = {
			isa = PBXGroup;
			children = (
				AC02D0C51F9CF5B3009ED193 /* Playlistable.app */,
			);
			name = Products;
			sourceTree = "<group>";
		};
		AC02D0C71F9CF5B3009ED193 /* Playlistable */ = {
			isa = PBXGroup;
			children = (
				AC1AF6021FC534B600DEFE09 /* Playlistable.entitlements */,
				AC17B7F61FBE99900029AFB6 /* StateManagers */,
				ACE6E78C1FB2BE5B0005BE41 /* TableViewCells */,
				AC8AB6B01FA9649F00251F85 /* Factories */,
				AC6271A11F9EDB9B002B068B /* ViewControllers */,
				AC0148771F9D80B000F9A732 /* Extensions */,
				ACBDF1461F9D4E13001760D7 /* Actions */,
				ACBDF1411F9D3730001760D7 /* Reducers */,
				ACBDF13E1F9D1693001760D7 /* Store */,
				ACBDF1311F9CFC0F001760D7 /* Models */,
				AC02D0DD1F9CF7DE009ED193 /* Constants */,
				AC02D0DA1F9CF6D6009ED193 /* Networking */,
				AC02D0C81F9CF5B3009ED193 /* AppDelegate.swift */,
				AC02D0CF1F9CF5B3009ED193 /* Assets.xcassets */,
				AC02D0D11F9CF5B3009ED193 /* LaunchScreen.storyboard */,
				AC02D0D41F9CF5B3009ED193 /* Info.plist */,
			);
			path = Playlistable;
			sourceTree = "<group>";
		};
		AC02D0DA1F9CF6D6009ED193 /* Networking */ = {
			isa = PBXGroup;
			children = (
				AC02D0DB1F9CF73B009ED193 /* APIRequest.swift */,
				AC01487A1F9D855D00F9A732 /* APIQueryParamsFormatter.swift */,
				AC8AB6AE1FA9641B00251F85 /* SpotifyResponseParser.swift */,
			);
			path = Networking;
			sourceTree = "<group>";
		};
		AC02D0DD1F9CF7DE009ED193 /* Constants */ = {
			isa = PBXGroup;
			children = (
				AC02D0DE1F9CF7EF009ED193 /* AppConstants.swift */,
			);
			path = Constants;
			sourceTree = "<group>";
		};
		AC17B7F61FBE99900029AFB6 /* StateManagers */ = {
			isa = PBXGroup;
			children = (
				AC17B7F91FBE9ACA0029AFB6 /* LockscreenController.swift */,
				AC17B7FB1FBE9B390029AFB6 /* PlayerQueueController.swift */,
				AC17B7FD1FBE9C3F0029AFB6 /* StateManager.swift */,
			);
			path = StateManagers;
			sourceTree = "<group>";
		};
		AC3268931FAFC382000AA05B /* APIMiddleware */ = {
			isa = PBXGroup;
			children = (
				ACA09EA41F9D556800220E8B /* APIMiddleware.swift */,
				AC3268941FAFC3A9000AA05B /* ParseResources.swift */,
			);
			path = APIMiddleware;
			sourceTree = "<group>";
		};
		AC6271A11F9EDB9B002B068B /* ViewControllers */ = {
			isa = PBXGroup;
			children = (
				AC8C20421FC9E1F6006FF1AC /* LibraryViewController */,
				AC8C20411FC9E1E4006FF1AC /* TabBarController */,
				AC8C20431FC9E20D006FF1AC /* InspectAllViewController */,
				AC8C20441FC9E226006FF1AC /* GeneratedPlaylistViewController */,
				AC8C20451FC9E23D006FF1AC /* PlayBarContainerViewController */,
			);
			path = ViewControllers;
			sourceTree = "<group>";
		};
		AC83D6531FBD46AA00E9D004 /* LoggingMiddleware */ = {
			isa = PBXGroup;
			children = (
				ACBDF14C1F9D541E001760D7 /* LoggingMiddlware.swift */,
			);
			path = LoggingMiddleware;
			sourceTree = "<group>";
		};
		AC83D6541FBD46BB00E9D004 /* MultiActionMiddleware */ = {
			isa = PBXGroup;
			children = (
				AC83D6551FBD46D500E9D004 /* wrapInDispatchMiddleware.swift */,
			);
			path = MultiActionMiddleware;
			sourceTree = "<group>";
		};
		AC8AB6B01FA9649F00251F85 /* Factories */ = {
			isa = PBXGroup;
			children = (
				AC8AB6B11FA964B300251F85 /* TrackFactory.swift */,
				AC8AB6B31FA967ED00251F85 /* ArtistFactory.swift */,
				AC8AB6B51FA968D500251F85 /* AlbumFactory.swift */,
				AC8AB6B71FA969C000251F85 /* ImageFactory.swift */,
			);
			path = Factories;
			sourceTree = "<group>";
		};
		AC8C20411FC9E1E4006FF1AC /* TabBarController */ = {
			isa = PBXGroup;
			children = (
				AC16D7411FA02D3500CAAD13 /* TabBarController.swift */,
				AC16D73F1FA02CA300CAAD13 /* TabBarController.xib */,
			);
			path = TabBarController;
			sourceTree = "<group>";
		};
		AC8C20421FC9E1F6006FF1AC /* LibraryViewController */ = {
			isa = PBXGroup;
			children = (
				AC16D7431FA02DD900CAAD13 /* LibraryViewController.swift */,
				AC16D7451FA02E1700CAAD13 /* LibraryViewController.xib */,
			);
			path = LibraryViewController;
			sourceTree = "<group>";
		};
		AC8C20431FC9E20D006FF1AC /* InspectAllViewController */ = {
			isa = PBXGroup;
			children = (
				AC18FCBD1FB3E75B0079AFC8 /* InspectAllViewController.xib */,
				AC18FCBF1FB3E7A20079AFC8 /* InspectAllViewController.swift */,
			);
			path = InspectAllViewController;
			sourceTree = "<group>";
		};
		AC8C20441FC9E226006FF1AC /* GeneratedPlaylistViewController */ = {
			isa = PBXGroup;
			children = (
				AC11971A1FB8DE91009D1646 /* GeneratedPlaylistViewController.swift */,
				AC11971C1FB8DEC0009D1646 /* GeneratedPlaylistViewController.xib */,
			);
			path = GeneratedPlaylistViewController;
			sourceTree = "<group>";
		};
		AC8C20451FC9E23D006FF1AC /* PlayBarContainerViewController */ = {
			isa = PBXGroup;
			children = (
				AC11972E1FB95686009D1646 /* PlayerBarContainerViewController.swift */,
				AC1197301FB956B1009D1646 /* PlayerBarContainerViewController.xib */,
			);
			path = PlayBarContainerViewController;
			sourceTree = "<group>";
		};
		AC8C20461FC9E251006FF1AC /* LibraryTableViewCell */ = {
			isa = PBXGroup;
			children = (
				ACE6E78D1FB2BE750005BE41 /* LibraryTableViewCell.swift */,
				ACE6E78F1FB2BE850005BE41 /* LibraryTableViewCell.xib */,
			);
			path = LibraryTableViewCell;
			sourceTree = "<group>";
		};
		AC8C20471FC9E25D006FF1AC /* InspectAllTableViewCell */ = {
			isa = PBXGroup;
			children = (
				AC18FCC31FB3E95A0079AFC8 /* InspectAllTableViewCell.xib */,
				AC18FCC51FB3E9A20079AFC8 /* InspectAllTableViewCell.swift */,
			);
			path = InspectAllTableViewCell;
			sourceTree = "<group>";
		};
		AC8C20481FC9E269006FF1AC /* GeneratedPlaylistTableViewCell */ = {
			isa = PBXGroup;
			children = (
				ACD4B00C1FBAA25C00C955C2 /* GeneratedPlaylistTrackTableViewCell.xib */,
				ACD4B00E1FBAA27500C955C2 /* GeneratedPlaylistTrackTableViewCell.swift */,
			);
			path = GeneratedPlaylistTableViewCell;
			sourceTree = "<group>";
		};
		ACBDF1311F9CFC0F001760D7 /* Models */ = {
			isa = PBXGroup;
			children = (
				ACBDF1321F9CFC23001760D7 /* Artist.swift */,
				ACBDF1341F9CFDF7001760D7 /* Image.swift */,
				ACBDF1361F9CFE48001760D7 /* Track.swift */,
				ACBDF1381F9CFE5B001760D7 /* Album.swift */,
				AC18FCC71FB412A20079AFC8 /* Item.swift */,
			);
			path = Models;
			sourceTree = "<group>";
		};
		ACBDF13E1F9D1693001760D7 /* Store */ = {
			isa = PBXGroup;
			children = (
				ACBDF14B1F9D53F4001760D7 /* Middleware */,
				ACBDF13F1F9D172E001760D7 /* ConfigureStore.swift */,
			);
			path = Store;
			sourceTree = "<group>";
		};
		ACBDF1411F9D3730001760D7 /* Reducers */ = {
			isa = PBXGroup;
			children = (
				ACBDF1421F9D3749001760D7 /* AppReducer.swift */,
				ACBDF1441F9D38B4001760D7 /* SpotifyAuthReducer.swift */,
				AC8AB6AA1FA95F1600251F85 /* LibraryReducer.swift */,
				AC8AB6B91FA9760F00251F85 /* ResourceReducer.swift */,
				ACAA1A411FB548F700F6B345 /* SeedsReducer.swift */,
				AC11971E1FB8E4D9009D1646 /* GeneratedPlaylistReducer.swift */,
				AC1197241FB91198009D1646 /* SpotifyPlayerReducer.swift */,
				AC57871A1FDCB1E30057D41A /* SavedTracksReducer.swift */,
			);
			path = Reducers;
			sourceTree = "<group>";
		};
		ACBDF1461F9D4E13001760D7 /* Actions */ = {
			isa = PBXGroup;
			children = (
				AC0148751F9D700200F9A732 /* SpotifyAuthActions.swift */,
				AC8AB6AC1FA95FBF00251F85 /* LibraryActions.swift */,
				AC8AB6BB1FA9777D00251F85 /* ResourceActions.swift */,
				ACAA1A431FB54A8B00F6B345 /* SeedsActions.swift */,
				AC1197201FB8F447009D1646 /* GeneratePlaylistActions.swift */,
				AC1197221FB90EBB009D1646 /* SpotifyPlayerActions.swift */,
			);
			path = Actions;
			sourceTree = "<group>";
		};
		ACBDF14B1F9D53F4001760D7 /* Middleware */ = {
			isa = PBXGroup;
			children = (
				AC83D6541FBD46BB00E9D004 /* MultiActionMiddleware */,
				AC83D6531FBD46AA00E9D004 /* LoggingMiddleware */,
				AC3268931FAFC382000AA05B /* APIMiddleware */,
			);
			path = Middleware;
			sourceTree = "<group>";
		};
		ACE6E78C1FB2BE5B0005BE41 /* TableViewCells */ = {
			isa = PBXGroup;
			children = (
				AC8C20461FC9E251006FF1AC /* LibraryTableViewCell */,
				AC8C20471FC9E25D006FF1AC /* InspectAllTableViewCell */,
				AC8C20481FC9E269006FF1AC /* GeneratedPlaylistTableViewCell */,
			);
			path = TableViewCells;
			sourceTree = "<group>";
		};
/* End PBXGroup section */

/* Begin PBXNativeTarget section */
		AC02D0C41F9CF5B3009ED193 /* Playlistable */ = {
			isa = PBXNativeTarget;
			buildConfigurationList = AC02D0D71F9CF5B3009ED193 /* Build configuration list for PBXNativeTarget "Playlistable" */;
			buildPhases = (
				14096A0C10E1E71E02FA74E6 /* [CP] Check Pods Manifest.lock */,
				AC02D0C11F9CF5B3009ED193 /* Sources */,
				AC02D0C21F9CF5B3009ED193 /* Frameworks */,
				AC02D0C31F9CF5B3009ED193 /* Resources */,
				EAD9FA501EE079C9B0C0BF76 /* [CP] Embed Pods Frameworks */,
				43E69DF3BF9F28B80BC52E23 /* [CP] Copy Pods Resources */,
			);
			buildRules = (
			);
			dependencies = (
			);
			name = Playlistable;
			productName = Playlistable;
			productReference = AC02D0C51F9CF5B3009ED193 /* Playlistable.app */;
			productType = "com.apple.product-type.application";
		};
/* End PBXNativeTarget section */

/* Begin PBXProject section */
		AC02D0BD1F9CF5B3009ED193 /* Project object */ = {
			isa = PBXProject;
			attributes = {
				LastSwiftUpdateCheck = 0900;
				LastUpgradeCheck = 0900;
				ORGANIZATIONNAME = "Cody Pizzaia";
				TargetAttributes = {
					AC02D0C41F9CF5B3009ED193 = {
						CreatedOnToolsVersion = 9.0;
						ProvisioningStyle = Automatic;
						SystemCapabilities = {
							com.apple.BackgroundModes = {
								enabled = 1;
							};
							com.apple.Keychain = {
								enabled = 1;
							};
						};
					};
				};
			};
			buildConfigurationList = AC02D0C01F9CF5B3009ED193 /* Build configuration list for PBXProject "Playlistable" */;
			compatibilityVersion = "Xcode 8.0";
			developmentRegion = en;
			hasScannedForEncodings = 0;
			knownRegions = (
				en,
				Base,
			);
			mainGroup = AC02D0BC1F9CF5B3009ED193;
			productRefGroup = AC02D0C61F9CF5B3009ED193 /* Products */;
			projectDirPath = "";
			projectRoot = "";
			targets = (
				AC02D0C41F9CF5B3009ED193 /* Playlistable */,
			);
		};
/* End PBXProject section */

/* Begin PBXResourcesBuildPhase section */
		AC02D0C31F9CF5B3009ED193 /* Resources */ = {
			isa = PBXResourcesBuildPhase;
			buildActionMask = 2147483647;
			files = (
				AC1197311FB956B1009D1646 /* PlayerBarContainerViewController.xib in Resources */,
				AC16D7401FA02CA300CAAD13 /* TabBarController.xib in Resources */,
				ACD4B00D1FBAA25C00C955C2 /* GeneratedPlaylistTrackTableViewCell.xib in Resources */,
				AC02D0D31F9CF5B3009ED193 /* LaunchScreen.storyboard in Resources */,
				ACE6E7901FB2BE850005BE41 /* LibraryTableViewCell.xib in Resources */,
				AC18FCC41FB3E95A0079AFC8 /* InspectAllTableViewCell.xib in Resources */,
				AC11971D1FB8DEC0009D1646 /* GeneratedPlaylistViewController.xib in Resources */,
				AC18FCBE1FB3E75B0079AFC8 /* InspectAllViewController.xib in Resources */,
				AC16D7461FA02E1700CAAD13 /* LibraryViewController.xib in Resources */,
				AC02D0D01F9CF5B3009ED193 /* Assets.xcassets in Resources */,
			);
			runOnlyForDeploymentPostprocessing = 0;
		};
/* End PBXResourcesBuildPhase section */

/* Begin PBXShellScriptBuildPhase section */
		14096A0C10E1E71E02FA74E6 /* [CP] Check Pods Manifest.lock */ = {
			isa = PBXShellScriptBuildPhase;
			buildActionMask = 2147483647;
			files = (
			);
			inputPaths = (
				"${PODS_PODFILE_DIR_PATH}/Podfile.lock",
				"${PODS_ROOT}/Manifest.lock",
			);
			name = "[CP] Check Pods Manifest.lock";
			outputPaths = (
				"$(DERIVED_FILE_DIR)/Pods-Playlistable-checkManifestLockResult.txt",
			);
			runOnlyForDeploymentPostprocessing = 0;
			shellPath = /bin/sh;
			shellScript = "diff \"${PODS_PODFILE_DIR_PATH}/Podfile.lock\" \"${PODS_ROOT}/Manifest.lock\" > /dev/null\nif [ $? != 0 ] ; then\n    # print error to STDERR\n    echo \"error: The sandbox is not in sync with the Podfile.lock. Run 'pod install' or update your CocoaPods installation.\" >&2\n    exit 1\nfi\n# This output is used by Xcode 'outputs' to avoid re-running this script phase.\necho \"SUCCESS\" > \"${SCRIPT_OUTPUT_FILE_0}\"\n";
			showEnvVarsInLog = 0;
		};
		43E69DF3BF9F28B80BC52E23 /* [CP] Copy Pods Resources */ = {
			isa = PBXShellScriptBuildPhase;
			buildActionMask = 2147483647;
			files = (
			);
			inputPaths = (
			);
			name = "[CP] Copy Pods Resources";
			outputPaths = (
			);
			runOnlyForDeploymentPostprocessing = 0;
			shellPath = /bin/sh;
			shellScript = "\"${SRCROOT}/Pods/Target Support Files/Pods-Playlistable/Pods-Playlistable-resources.sh\"\n";
			showEnvVarsInLog = 0;
		};
		EAD9FA501EE079C9B0C0BF76 /* [CP] Embed Pods Frameworks */ = {
			isa = PBXShellScriptBuildPhase;
			buildActionMask = 2147483647;
			files = (
			);
			inputPaths = (
				"${SRCROOT}/Pods/Target Support Files/Pods-Playlistable/Pods-Playlistable-frameworks.sh",
				"${BUILT_PRODUCTS_DIR}/Alamofire/Alamofire.framework",
				"${BUILT_PRODUCTS_DIR}/Locksmith/Locksmith.framework",
				"${BUILT_PRODUCTS_DIR}/ReSwift/ReSwift.framework",
				"${BUILT_PRODUCTS_DIR}/SDWebImage/SDWebImage.framework",
				"${BUILT_PRODUCTS_DIR}/SVProgressHUD/SVProgressHUD.framework",
				"${BUILT_PRODUCTS_DIR}/Spotify-iOS-SDK/Spotify.framework",
				"${BUILT_PRODUCTS_DIR}/SwiftyJSON/SwiftyJSON.framework",
			);
			name = "[CP] Embed Pods Frameworks";
			outputPaths = (
				"${TARGET_BUILD_DIR}/${FRAMEWORKS_FOLDER_PATH}/Alamofire.framework",
				"${TARGET_BUILD_DIR}/${FRAMEWORKS_FOLDER_PATH}/Locksmith.framework",
				"${TARGET_BUILD_DIR}/${FRAMEWORKS_FOLDER_PATH}/ReSwift.framework",
				"${TARGET_BUILD_DIR}/${FRAMEWORKS_FOLDER_PATH}/SDWebImage.framework",
				"${TARGET_BUILD_DIR}/${FRAMEWORKS_FOLDER_PATH}/SVProgressHUD.framework",
				"${TARGET_BUILD_DIR}/${FRAMEWORKS_FOLDER_PATH}/Spotify.framework",
				"${TARGET_BUILD_DIR}/${FRAMEWORKS_FOLDER_PATH}/SwiftyJSON.framework",
			);
			runOnlyForDeploymentPostprocessing = 0;
			shellPath = /bin/sh;
			shellScript = "\"${SRCROOT}/Pods/Target Support Files/Pods-Playlistable/Pods-Playlistable-frameworks.sh\"\n";
			showEnvVarsInLog = 0;
		};
/* End PBXShellScriptBuildPhase section */

/* Begin PBXSourcesBuildPhase section */
		AC02D0C11F9CF5B3009ED193 /* Sources */ = {
			isa = PBXSourcesBuildPhase;
			buildActionMask = 2147483647;
			files = (
				AC17B7FC1FBE9B390029AFB6 /* PlayerQueueController.swift in Sources */,
				ACD4B00F1FBAA27500C955C2 /* GeneratedPlaylistTrackTableViewCell.swift in Sources */,
				AC01487B1F9D855D00F9A732 /* APIQueryParamsFormatter.swift in Sources */,
				ACBDF1351F9CFDF7001760D7 /* Image.swift in Sources */,
				AC16D7421FA02D3500CAAD13 /* TabBarController.swift in Sources */,
				AC0148791F9D80C100F9A732 /* UIViewControllerExtensions.swift in Sources */,
				AC8AB6B21FA964B300251F85 /* TrackFactory.swift in Sources */,
				AC02D0DC1F9CF73B009ED193 /* APIRequest.swift in Sources */,
				AC0148761F9D700200F9A732 /* SpotifyAuthActions.swift in Sources */,
				AC02D0C91F9CF5B3009ED193 /* AppDelegate.swift in Sources */,
				AC57871B1FDCB1E30057D41A /* SavedTracksReducer.swift in Sources */,
				AC8AB6AF1FA9641B00251F85 /* SpotifyResponseParser.swift in Sources */,
				AC17B7FE1FBE9C3F0029AFB6 /* StateManager.swift in Sources */,
				ACAA1A421FB548F700F6B345 /* SeedsReducer.swift in Sources */,
				AC1197231FB90EBB009D1646 /* SpotifyPlayerActions.swift in Sources */,
				ACA09EA51F9D556800220E8B /* APIMiddleware.swift in Sources */,
				AC18FCC61FB3E9A20079AFC8 /* InspectAllTableViewCell.swift in Sources */,
				AC8C20401FC9DA2F006FF1AC /* UIButtonExtensions.swift in Sources */,
				AC18FCC01FB3E7A20079AFC8 /* InspectAllViewController.swift in Sources */,
				AC11972F1FB95686009D1646 /* PlayerBarContainerViewController.swift in Sources */,
				ACBDF1401F9D172E001760D7 /* ConfigureStore.swift in Sources */,
				ACBDF1451F9D38B4001760D7 /* SpotifyAuthReducer.swift in Sources */,
				AC18FCC81FB412A20079AFC8 /* Item.swift in Sources */,
				ACBDF14D1F9D541E001760D7 /* LoggingMiddlware.swift in Sources */,
				AC8AB6AB1FA95F1600251F85 /* LibraryReducer.swift in Sources */,
				AC5787191FDCAD860057D41A /* StringExtensions.swift in Sources */,
				AC83D6561FBD46D500E9D004 /* wrapInDispatchMiddleware.swift in Sources */,
				ACEA2F2A1FAFF14F001615F8 /* DictionaryExtensions.swift in Sources */,
				AC8AB6BA1FA9760F00251F85 /* ResourceReducer.swift in Sources */,
				AC8AB6B61FA968D500251F85 /* AlbumFactory.swift in Sources */,
				ACAA1A441FB54A8B00F6B345 /* SeedsActions.swift in Sources */,
				ACE6E78E1FB2BE750005BE41 /* LibraryTableViewCell.swift in Sources */,
				AC8AB6B81FA969C000251F85 /* ImageFactory.swift in Sources */,
				AC11971B1FB8DE91009D1646 /* GeneratedPlaylistViewController.swift in Sources */,
				AC8AB6BC1FA9777D00251F85 /* ResourceActions.swift in Sources */,
				AC8AB6B41FA967ED00251F85 /* ArtistFactory.swift in Sources */,
				AC11971F1FB8E4D9009D1646 /* GeneratedPlaylistReducer.swift in Sources */,
				AC01487F1F9D907D00F9A732 /* URLExtensions.swift in Sources */,
				AC8AB6AD1FA95FBF00251F85 /* LibraryActions.swift in Sources */,
				AC17B7FA1FBE9ACA0029AFB6 /* LockscreenController.swift in Sources */,
				ACBDF1331F9CFC23001760D7 /* Artist.swift in Sources */,
				AC02D0DF1F9CF7EF009ED193 /* AppConstants.swift in Sources */,
				ACBDF1371F9CFE48001760D7 /* Track.swift in Sources */,
				AC1197251FB91198009D1646 /* SpotifyPlayerReducer.swift in Sources */,
				ACBDF1431F9D3749001760D7 /* AppReducer.swift in Sources */,
				AC1197211FB8F447009D1646 /* GeneratePlaylistActions.swift in Sources */,
				AC3268951FAFC3A9000AA05B /* ParseResources.swift in Sources */,
				AC16D7441FA02DD900CAAD13 /* LibraryViewController.swift in Sources */,
				ACBDF1391F9CFE5B001760D7 /* Album.swift in Sources */,
			);
			runOnlyForDeploymentPostprocessing = 0;
		};
/* End PBXSourcesBuildPhase section */

/* Begin PBXVariantGroup section */
		AC02D0D11F9CF5B3009ED193 /* LaunchScreen.storyboard */ = {
			isa = PBXVariantGroup;
			children = (
				AC02D0D21F9CF5B3009ED193 /* Base */,
			);
			name = LaunchScreen.storyboard;
			sourceTree = "<group>";
		};
/* End PBXVariantGroup section */

/* Begin XCBuildConfiguration section */
		AC02D0D51F9CF5B3009ED193 /* Debug */ = {
			isa = XCBuildConfiguration;
			buildSettings = {
				ALWAYS_SEARCH_USER_PATHS = NO;
				CLANG_ANALYZER_NONNULL = YES;
				CLANG_ANALYZER_NUMBER_OBJECT_CONVERSION = YES_AGGRESSIVE;
				CLANG_CXX_LANGUAGE_STANDARD = "gnu++14";
				CLANG_CXX_LIBRARY = "libc++";
				CLANG_ENABLE_MODULES = YES;
				CLANG_ENABLE_OBJC_ARC = YES;
				CLANG_WARN_BLOCK_CAPTURE_AUTORELEASING = YES;
				CLANG_WARN_BOOL_CONVERSION = YES;
				CLANG_WARN_COMMA = YES;
				CLANG_WARN_CONSTANT_CONVERSION = YES;
				CLANG_WARN_DIRECT_OBJC_ISA_USAGE = YES_ERROR;
				CLANG_WARN_DOCUMENTATION_COMMENTS = YES;
				CLANG_WARN_EMPTY_BODY = YES;
				CLANG_WARN_ENUM_CONVERSION = YES;
				CLANG_WARN_INFINITE_RECURSION = YES;
				CLANG_WARN_INT_CONVERSION = YES;
				CLANG_WARN_NON_LITERAL_NULL_CONVERSION = YES;
				CLANG_WARN_OBJC_LITERAL_CONVERSION = YES;
				CLANG_WARN_OBJC_ROOT_CLASS = YES_ERROR;
				CLANG_WARN_RANGE_LOOP_ANALYSIS = YES;
				CLANG_WARN_STRICT_PROTOTYPES = YES;
				CLANG_WARN_SUSPICIOUS_MOVE = YES;
				CLANG_WARN_UNGUARDED_AVAILABILITY = YES_AGGRESSIVE;
				CLANG_WARN_UNREACHABLE_CODE = YES;
				CLANG_WARN__DUPLICATE_METHOD_MATCH = YES;
				CODE_SIGN_IDENTITY = "iPhone Developer";
				COPY_PHASE_STRIP = NO;
				DEBUG_INFORMATION_FORMAT = dwarf;
				ENABLE_STRICT_OBJC_MSGSEND = YES;
				ENABLE_TESTABILITY = YES;
				GCC_C_LANGUAGE_STANDARD = gnu11;
				GCC_DYNAMIC_NO_PIC = NO;
				GCC_NO_COMMON_BLOCKS = YES;
				GCC_OPTIMIZATION_LEVEL = 0;
				GCC_PREPROCESSOR_DEFINITIONS = (
					"DEBUG=1",
					"$(inherited)",
				);
				GCC_WARN_64_TO_32_BIT_CONVERSION = YES;
				GCC_WARN_ABOUT_RETURN_TYPE = YES_ERROR;
				GCC_WARN_UNDECLARED_SELECTOR = YES;
				GCC_WARN_UNINITIALIZED_AUTOS = YES_AGGRESSIVE;
				GCC_WARN_UNUSED_FUNCTION = YES;
				GCC_WARN_UNUSED_VARIABLE = YES;
				IPHONEOS_DEPLOYMENT_TARGET = 11.0;
				MTL_ENABLE_DEBUG_INFO = YES;
				ONLY_ACTIVE_ARCH = YES;
				SDKROOT = iphoneos;
				SWIFT_ACTIVE_COMPILATION_CONDITIONS = DEBUG;
				SWIFT_OPTIMIZATION_LEVEL = "-Onone";
			};
			name = Debug;
		};
		AC02D0D61F9CF5B3009ED193 /* Release */ = {
			isa = XCBuildConfiguration;
			buildSettings = {
				ALWAYS_SEARCH_USER_PATHS = NO;
				CLANG_ANALYZER_NONNULL = YES;
				CLANG_ANALYZER_NUMBER_OBJECT_CONVERSION = YES_AGGRESSIVE;
				CLANG_CXX_LANGUAGE_STANDARD = "gnu++14";
				CLANG_CXX_LIBRARY = "libc++";
				CLANG_ENABLE_MODULES = YES;
				CLANG_ENABLE_OBJC_ARC = YES;
				CLANG_WARN_BLOCK_CAPTURE_AUTORELEASING = YES;
				CLANG_WARN_BOOL_CONVERSION = YES;
				CLANG_WARN_COMMA = YES;
				CLANG_WARN_CONSTANT_CONVERSION = YES;
				CLANG_WARN_DIRECT_OBJC_ISA_USAGE = YES_ERROR;
				CLANG_WARN_DOCUMENTATION_COMMENTS = YES;
				CLANG_WARN_EMPTY_BODY = YES;
				CLANG_WARN_ENUM_CONVERSION = YES;
				CLANG_WARN_INFINITE_RECURSION = YES;
				CLANG_WARN_INT_CONVERSION = YES;
				CLANG_WARN_NON_LITERAL_NULL_CONVERSION = YES;
				CLANG_WARN_OBJC_LITERAL_CONVERSION = YES;
				CLANG_WARN_OBJC_ROOT_CLASS = YES_ERROR;
				CLANG_WARN_RANGE_LOOP_ANALYSIS = YES;
				CLANG_WARN_STRICT_PROTOTYPES = YES;
				CLANG_WARN_SUSPICIOUS_MOVE = YES;
				CLANG_WARN_UNGUARDED_AVAILABILITY = YES_AGGRESSIVE;
				CLANG_WARN_UNREACHABLE_CODE = YES;
				CLANG_WARN__DUPLICATE_METHOD_MATCH = YES;
				CODE_SIGN_IDENTITY = "iPhone Developer";
				COPY_PHASE_STRIP = NO;
				DEBUG_INFORMATION_FORMAT = "dwarf-with-dsym";
				ENABLE_NS_ASSERTIONS = NO;
				ENABLE_STRICT_OBJC_MSGSEND = YES;
				GCC_C_LANGUAGE_STANDARD = gnu11;
				GCC_NO_COMMON_BLOCKS = YES;
				GCC_WARN_64_TO_32_BIT_CONVERSION = YES;
				GCC_WARN_ABOUT_RETURN_TYPE = YES_ERROR;
				GCC_WARN_UNDECLARED_SELECTOR = YES;
				GCC_WARN_UNINITIALIZED_AUTOS = YES_AGGRESSIVE;
				GCC_WARN_UNUSED_FUNCTION = YES;
				GCC_WARN_UNUSED_VARIABLE = YES;
				IPHONEOS_DEPLOYMENT_TARGET = 11.0;
				MTL_ENABLE_DEBUG_INFO = NO;
				SDKROOT = iphoneos;
				SWIFT_OPTIMIZATION_LEVEL = "-Owholemodule";
				VALIDATE_PRODUCT = YES;
			};
			name = Release;
		};
		AC02D0D81F9CF5B3009ED193 /* Debug */ = {
			isa = XCBuildConfiguration;
			baseConfigurationReference = F205E7760234089465BFB399 /* Pods-Playlistable.debug.xcconfig */;
			buildSettings = {
				ASSETCATALOG_COMPILER_APPICON_NAME = AppIcon;
				CODE_SIGN_ENTITLEMENTS = Playlistable/Playlistable.entitlements;
				CODE_SIGN_STYLE = Automatic;
				DEVELOPMENT_TEAM = W6Y8FXYPMN;
				INFOPLIST_FILE = Playlistable/Info.plist;
				LD_RUNPATH_SEARCH_PATHS = "$(inherited) @executable_path/Frameworks";
				PRODUCT_BUNDLE_IDENTIFIER = CP.Playlistable;
				PRODUCT_NAME = "$(TARGET_NAME)";
				SWIFT_VERSION = 4.0;
				TARGETED_DEVICE_FAMILY = "1,2";
			};
			name = Debug;
		};
		AC02D0D91F9CF5B3009ED193 /* Release */ = {
			isa = XCBuildConfiguration;
			baseConfigurationReference = 34FD0E942F0AF4C649DE5319 /* Pods-Playlistable.release.xcconfig */;
			buildSettings = {
				ASSETCATALOG_COMPILER_APPICON_NAME = AppIcon;
				CODE_SIGN_ENTITLEMENTS = Playlistable/Playlistable.entitlements;
				CODE_SIGN_STYLE = Automatic;
				DEVELOPMENT_TEAM = W6Y8FXYPMN;
				INFOPLIST_FILE = Playlistable/Info.plist;
				LD_RUNPATH_SEARCH_PATHS = "$(inherited) @executable_path/Frameworks";
				PRODUCT_BUNDLE_IDENTIFIER = CP.Playlistable;
				PRODUCT_NAME = "$(TARGET_NAME)";
				SWIFT_VERSION = 4.0;
				TARGETED_DEVICE_FAMILY = "1,2";
			};
			name = Release;
		};
/* End XCBuildConfiguration section */

/* Begin XCConfigurationList section */
		AC02D0C01F9CF5B3009ED193 /* Build configuration list for PBXProject "Playlistable" */ = {
			isa = XCConfigurationList;
			buildConfigurations = (
				AC02D0D51F9CF5B3009ED193 /* Debug */,
				AC02D0D61F9CF5B3009ED193 /* Release */,
			);
			defaultConfigurationIsVisible = 0;
			defaultConfigurationName = Release;
		};
		AC02D0D71F9CF5B3009ED193 /* Build configuration list for PBXNativeTarget "Playlistable" */ = {
			isa = XCConfigurationList;
			buildConfigurations = (
				AC02D0D81F9CF5B3009ED193 /* Debug */,
				AC02D0D91F9CF5B3009ED193 /* Release */,
			);
			defaultConfigurationIsVisible = 0;
			defaultConfigurationName = Release;
		};
/* End XCConfigurationList section */
	};
	rootObject = AC02D0BD1F9CF5B3009ED193 /* Project object */;
}
